// !$*UTF8*$!
{
	archiveVersion = 1;
	classes = {
	};
	objectVersion = 48;
	objects = {

/* Begin PBXBuildFile section */
		3914014119759C450055F2E1 /* libtouchzipkit.a in Frameworks */ = {isa = PBXBuildFile; fileRef = 3914014019759BB70055F2E1 /* libtouchzipkit.a */; };
		391401451975A03A0055F2E1 /* LICENSE in Resources */ = {isa = PBXBuildFile; fileRef = 391401441975A03A0055F2E1 /* LICENSE */; };
		3914014B1975AA1D0055F2E1 /* ACKNOWLEDGEMENTS in Resources */ = {isa = PBXBuildFile; fileRef = 3914014A1975AA1D0055F2E1 /* ACKNOWLEDGEMENTS */; };
		391C77AA190F270D006E220E /* GpsPointTableViewController.m in Sources */ = {isa = PBXBuildFile; fileRef = 391C77A9190F270D006E220E /* GpsPointTableViewController.m */; };
		392E8FBD18EF2F030055D312 /* Crashlytics.framework in Frameworks */ = {isa = PBXBuildFile; fileRef = 392E8FBC18EF2F030055D312 /* Crashlytics.framework */; };
		39336F4618A1BA2100620A3A /* ProtocolMissionFeature.m in Sources */ = {isa = PBXBuildFile; fileRef = 39336F4518A1BA2100620A3A /* ProtocolMissionFeature.m */; };
		39336F4E18AC25B100620A3A /* AddFeatureBarButtonItem.m in Sources */ = {isa = PBXBuildFile; fileRef = 39336F4D18AC25B100620A3A /* AddFeatureBarButtonItem.m */; };
		393412C11C0524DD002A1551 /* ArcGIS.framework in Frameworks */ = {isa = PBXBuildFile; fileRef = 393412C01C0524DD002A1551 /* ArcGIS.framework */; };
		393412C81C052BC7002A1551 /* Fabric.framework in Frameworks */ = {isa = PBXBuildFile; fileRef = 393412C71C052BC7002A1551 /* Fabric.framework */; };
		393E8AFC17A2E1D8009AD0AC /* Settings.m in Sources */ = {isa = PBXBuildFile; fileRef = 393E8AFB17A2E1D8009AD0AC /* Settings.m */; };
		393E8AFE17A30012009AD0AC /* Settings.bundle in Resources */ = {isa = PBXBuildFile; fileRef = 393E8AFD17A30012009AD0AC /* Settings.bundle */; };
		39449F1418ADABCF00A1F8FE /* Localizable.strings in Resources */ = {isa = PBXBuildFile; fileRef = 39449F1618ADABCF00A1F8FE /* Localizable.strings */; };
		394BDD13191D2FEC000C8A4B /* GpsPoint+CsvExport.m in Sources */ = {isa = PBXBuildFile; fileRef = 394BDD12191D2FEC000C8A4B /* GpsPoint+CsvExport.m */; };
		394BDD17191D33C4000C8A4B /* Survey+CsvExport.m in Sources */ = {isa = PBXBuildFile; fileRef = 394BDD16191D33C4000C8A4B /* Survey+CsvExport.m */; };
		394BDD1A191D4867000C8A4B /* Observation+Location.m in Sources */ = {isa = PBXBuildFile; fileRef = 394BDD19191D4867000C8A4B /* Observation+Location.m */; };
		394BDD1D191D6802000C8A4B /* MissionProperty+Location.m in Sources */ = {isa = PBXBuildFile; fileRef = 394BDD1C191D6802000C8A4B /* MissionProperty+Location.m */; };
		394BDD20191D6BFE000C8A4B /* GpsPoint+Location.m in Sources */ = {isa = PBXBuildFile; fileRef = 394BDD1F191D6BFE000C8A4B /* GpsPoint+Location.m */; };
		394CC2381858E05F00FA859C /* libQuickDialog.a in Frameworks */ = {isa = PBXBuildFile; fileRef = 394CC2351858DFFA00FA859C /* libQuickDialog.a */; };
		394CC23E1858EF5800FA859C /* ObserverModel.xcdatamodeld in Sources */ = {isa = PBXBuildFile; fileRef = 394CC23C1858EF5800FA859C /* ObserverModel.xcdatamodeld */; };
		394CC2411858F11700FA859C /* MapReference.m in Sources */ = {isa = PBXBuildFile; fileRef = 394CC2401858F11700FA859C /* MapReference.m */; };
		394CC2441858F11800FA859C /* MissionProperty.m in Sources */ = {isa = PBXBuildFile; fileRef = 394CC2431858F11800FA859C /* MissionProperty.m */; };
		394CC2471858F11800FA859C /* GpsPoint.m in Sources */ = {isa = PBXBuildFile; fileRef = 394CC2461858F11800FA859C /* GpsPoint.m */; };
		394CC24A1858F11800FA859C /* AdhocLocation.m in Sources */ = {isa = PBXBuildFile; fileRef = 394CC2491858F11800FA859C /* AdhocLocation.m */; };
		394CC24D1858F11800FA859C /* Mission.m in Sources */ = {isa = PBXBuildFile; fileRef = 394CC24C1858F11800FA859C /* Mission.m */; };
		394CC2501858F11800FA859C /* AngleDistanceLocation.m in Sources */ = {isa = PBXBuildFile; fileRef = 394CC24F1858F11800FA859C /* AngleDistanceLocation.m */; };
		394CC2531858F11800FA859C /* Observation.m in Sources */ = {isa = PBXBuildFile; fileRef = 394CC2521858F11800FA859C /* Observation.m */; };
		395ACFAC1935325800D04563 /* SurveyUploadTableViewController.m in Sources */ = {isa = PBXBuildFile; fileRef = 395ACFAB1935325800D04563 /* SurveyUploadTableViewController.m */; };
		396775C817A1C7B5009ECD34 /* AngleDistanceViewController.m in Sources */ = {isa = PBXBuildFile; fileRef = 396775C717A1C7B5009ECD34 /* AngleDistanceViewController.m */; };
		396E1E90189864AE00B735EF /* NSIndexPath+unsignedAccessors.m in Sources */ = {isa = PBXBuildFile; fileRef = 396E1E8F189864AE00B735EF /* NSIndexPath+unsignedAccessors.m */; };
		396E1E961899AD2900B735EF /* ProtocolFeature.m in Sources */ = {isa = PBXBuildFile; fileRef = 396E1E951899AD2900B735EF /* ProtocolFeature.m */; };
		396E1E991899AD4B00B735EF /* ProtocolFeatureAllowedLocations.m in Sources */ = {isa = PBXBuildFile; fileRef = 396E1E981899AD4B00B735EF /* ProtocolFeatureAllowedLocations.m */; };
		396E1E9D189ADE8F00B735EF /* ProtocolFeatureSymbology.m in Sources */ = {isa = PBXBuildFile; fileRef = 396E1E9C189ADE8F00B735EF /* ProtocolFeatureSymbology.m */; };
		397CF5521D0B7296008D7227 /* ProtocolFeatureLabel.m in Sources */ = {isa = PBXBuildFile; fileRef = 397CF5511D0B7296008D7227 /* ProtocolFeatureLabel.m */; };
		3982F6CA18C00D040081C3F9 /* AGSMapView+AKRAdditions.m in Sources */ = {isa = PBXBuildFile; fileRef = 3982F6C918C00D040081C3F9 /* AGSMapView+AKRAdditions.m */; };
		398908221857EB2F007B3F67 /* Map.m in Sources */ = {isa = PBXBuildFile; fileRef = 398908191857EB2F007B3F67 /* Map.m */; };
		398908231857EB2F007B3F67 /* MapCollection.m in Sources */ = {isa = PBXBuildFile; fileRef = 3989081B1857EB2F007B3F67 /* MapCollection.m */; };
		398908241857EB2F007B3F67 /* MapDetailViewController.m in Sources */ = {isa = PBXBuildFile; fileRef = 3989081D1857EB2F007B3F67 /* MapDetailViewController.m */; };
		398908251857EB2F007B3F67 /* MapSelectViewController.m in Sources */ = {isa = PBXBuildFile; fileRef = 3989081F1857EB2F007B3F67 /* MapSelectViewController.m */; };
		398908261857EB2F007B3F67 /* MapTableViewCell.m in Sources */ = {isa = PBXBuildFile; fileRef = 398908211857EB2F007B3F67 /* MapTableViewCell.m */; };
		3989083B1857EBF6007B3F67 /* ProtocolCollection.m in Sources */ = {isa = PBXBuildFile; fileRef = 398908341857EBF6007B3F67 /* ProtocolCollection.m */; };
		3989083C1857EBF6007B3F67 /* ProtocolDetailViewController.m in Sources */ = {isa = PBXBuildFile; fileRef = 398908361857EBF6007B3F67 /* ProtocolDetailViewController.m */; };
		3989083D1857EBF6007B3F67 /* ProtocolSelectViewController.m in Sources */ = {isa = PBXBuildFile; fileRef = 398908381857EBF6007B3F67 /* ProtocolSelectViewController.m */; };
		3989083E1857EBF6007B3F67 /* ProtocolTableViewCell.m in Sources */ = {isa = PBXBuildFile; fileRef = 3989083A1857EBF6007B3F67 /* ProtocolTableViewCell.m */; };
		398908411857ECE4007B3F67 /* SProtocol.m in Sources */ = {isa = PBXBuildFile; fileRef = 398908401857ECE4007B3F67 /* SProtocol.m */; };
		3989084D1857ED00007B3F67 /* Survey.m in Sources */ = {isa = PBXBuildFile; fileRef = 398908441857ED00007B3F67 /* Survey.m */; };
		3989084E1857ED00007B3F67 /* SurveyCollection.m in Sources */ = {isa = PBXBuildFile; fileRef = 398908461857ED00007B3F67 /* SurveyCollection.m */; };
		3989084F1857ED00007B3F67 /* SurveyCoreDataDocument.m in Sources */ = {isa = PBXBuildFile; fileRef = 398908481857ED00007B3F67 /* SurveyCoreDataDocument.m */; };
		398908501857ED00007B3F67 /* SurveyObjectModel.m in Sources */ = {isa = PBXBuildFile; fileRef = 3989084A1857ED00007B3F67 /* SurveyObjectModel.m */; };
		398908511857ED00007B3F67 /* SurveySelectViewController.m in Sources */ = {isa = PBXBuildFile; fileRef = 3989084C1857ED00007B3F67 /* SurveySelectViewController.m */; };
		3989085D1857EDE1007B3F67 /* AGSPoint+AKRAdditions.m in Sources */ = {isa = PBXBuildFile; fileRef = 398908541857EDE1007B3F67 /* AGSPoint+AKRAdditions.m */; };
		3989085E1857EDE1007B3F67 /* NSArray+map.m in Sources */ = {isa = PBXBuildFile; fileRef = 398908561857EDE1007B3F67 /* NSArray+map.m */; };
		3989085F1857EDE1007B3F67 /* NSDate+Formatting.m in Sources */ = {isa = PBXBuildFile; fileRef = 398908581857EDE1007B3F67 /* NSDate+Formatting.m */; };
		398908601857EDE1007B3F67 /* NSIndexSet+indexPath.m in Sources */ = {isa = PBXBuildFile; fileRef = 3989085A1857EDE1007B3F67 /* NSIndexSet+indexPath.m */; };
		398908611857EDE1007B3F67 /* NSURL+unique.m in Sources */ = {isa = PBXBuildFile; fileRef = 3989085C1857EDE1007B3F67 /* NSURL+unique.m */; };
		398908681857F192007B3F67 /* SurveyDetailViewController.m in Sources */ = {isa = PBXBuildFile; fileRef = 398908651857F192007B3F67 /* SurveyDetailViewController.m */; };
		398908691857F192007B3F67 /* SurveyTableViewCell.m in Sources */ = {isa = PBXBuildFile; fileRef = 398908671857F192007B3F67 /* SurveyTableViewCell.m */; };
		3989086C1857F399007B3F67 /* AKRDownloadView.m in Sources */ = {isa = PBXBuildFile; fileRef = 3989086B1857F399007B3F67 /* AKRDownloadView.m */; };
		39890DA31858C99E007B3F67 /* Images.xcassets in Resources */ = {isa = PBXBuildFile; fileRef = 39890DA21858C99E007B3F67 /* Images.xcassets */; };
		398A97371CCFD11800143160 /* MissionTotalizer.m in Sources */ = {isa = PBXBuildFile; fileRef = 398A97361CCFD11800143160 /* MissionTotalizer.m */; };
		39946AB0191DA0EA00875D90 /* Observation+CsvExport.m in Sources */ = {isa = PBXBuildFile; fileRef = 39946AAF191DA0EA00875D90 /* Observation+CsvExport.m */; };
		39946AB91925473A00875D90 /* TrackLogSegment.m in Sources */ = {isa = PBXBuildFile; fileRef = 39946AB81925473A00875D90 /* TrackLogSegment.m */; };
		39955E4B178334BF00D225D7 /* UIKit.framework in Frameworks */ = {isa = PBXBuildFile; fileRef = 39955E4A178334BF00D225D7 /* UIKit.framework */; };
		39955E4D178334BF00D225D7 /* Foundation.framework in Frameworks */ = {isa = PBXBuildFile; fileRef = 39955E4C178334BF00D225D7 /* Foundation.framework */; };
		39955E4F178334BF00D225D7 /* CoreGraphics.framework in Frameworks */ = {isa = PBXBuildFile; fileRef = 39955E4E178334BF00D225D7 /* CoreGraphics.framework */; };
		39955E55178334C000D225D7 /* InfoPlist.strings in Resources */ = {isa = PBXBuildFile; fileRef = 39955E53178334C000D225D7 /* InfoPlist.strings */; };
		39955E57178334C000D225D7 /* main.m in Sources */ = {isa = PBXBuildFile; fileRef = 39955E56178334C000D225D7 /* main.m */; };
		39955E5B178334C000D225D7 /* ObserverAppDelegate.m in Sources */ = {isa = PBXBuildFile; fileRef = 39955E5A178334C000D225D7 /* ObserverAppDelegate.m */; };
		39955E67178334C000D225D7 /* MainStoryboard_iPad.storyboard in Resources */ = {isa = PBXBuildFile; fileRef = 39955E65178334C000D225D7 /* MainStoryboard_iPad.storyboard */; };
		39955E941783377E00D225D7 /* CoreLocation.framework in Frameworks */ = {isa = PBXBuildFile; fileRef = 39955E931783377E00D225D7 /* CoreLocation.framework */; };
		39955E961783379400D225D7 /* CoreText.framework in Frameworks */ = {isa = PBXBuildFile; fileRef = 39955E951783379400D225D7 /* CoreText.framework */; };
		39955E98178337BF00D225D7 /* QuartzCore.framework in Frameworks */ = {isa = PBXBuildFile; fileRef = 39955E97178337BF00D225D7 /* QuartzCore.framework */; };
		39955E9A178337D900D225D7 /* MediaPlayer.framework in Frameworks */ = {isa = PBXBuildFile; fileRef = 39955E99178337D900D225D7 /* MediaPlayer.framework */; };
		39955E9C178337E000D225D7 /* MobileCoreServices.framework in Frameworks */ = {isa = PBXBuildFile; fileRef = 39955E9B178337E000D225D7 /* MobileCoreServices.framework */; };
		39955E9E178337E800D225D7 /* Security.framework in Frameworks */ = {isa = PBXBuildFile; fileRef = 39955E9D178337E800D225D7 /* Security.framework */; };
		39955EA0178337F700D225D7 /* libc++.dylib in Frameworks */ = {isa = PBXBuildFile; fileRef = 39955E9F178337F700D225D7 /* libc++.dylib */; };
		39955EA21783382200D225D7 /* libz.dylib in Frameworks */ = {isa = PBXBuildFile; fileRef = 39955EA11783382200D225D7 /* libz.dylib */; };
		39955EA41783388600D225D7 /* OpenGLES.framework in Frameworks */ = {isa = PBXBuildFile; fileRef = 39955EA31783388600D225D7 /* OpenGLES.framework */; };
		39955ED2178733B900D225D7 /* ObserverMapViewController.m in Sources */ = {isa = PBXBuildFile; fileRef = 39955ED1178733B900D225D7 /* ObserverMapViewController.m */; settings = {COMPILER_FLAGS = "-fno-modules"; }; };
		39A836C4185A668D008BF4E3 /* AKRAngleDistance.m in Sources */ = {isa = PBXBuildFile; fileRef = 39A836C3185A668D008BF4E3 /* AKRAngleDistance.m */; };
		39A836CB185FDAB8008BF4E3 /* AttributeViewController.m in Sources */ = {isa = PBXBuildFile; fileRef = 39A836CA185FDAB8008BF4E3 /* AttributeViewController.m */; };
		39A9EF90196F5BD80059FC0F /* Archiver.m in Sources */ = {isa = PBXBuildFile; fileRef = 39A9EF8F196F5BD80059FC0F /* Archiver.m */; };
		39A9EF94197066120059FC0F /* NSURL+isEqualToURL.m in Sources */ = {isa = PBXBuildFile; fileRef = 39A9EF93197066120059FC0F /* NSURL+isEqualToURL.m */; };
		39B92FD317A869B500C62145 /* RadioStyleTableViewCell.m in Sources */ = {isa = PBXBuildFile; fileRef = 39B92FD217A869B500C62145 /* RadioStyleTableViewCell.m */; };
		39BA8FC2196F33F800F90A77 /* Survey+ZipExport.m in Sources */ = {isa = PBXBuildFile; fileRef = 39BA8FC1196F33F800F90A77 /* Survey+ZipExport.m */; };
		39C3B84B18B816020041FF36 /* FeatureSelectorTableViewController.m in Sources */ = {isa = PBXBuildFile; fileRef = 39C3B84A18B816020041FF36 /* FeatureSelectorTableViewController.m */; };
		39C53E61187F411B00C0CECE /* AutoPanStateMachine.m in Sources */ = {isa = PBXBuildFile; fileRef = 39C53E60187F411B00C0CECE /* AutoPanStateMachine.m */; };
		39C53E65187F4B5E00C0CECE /* AutoPanButton.m in Sources */ = {isa = PBXBuildFile; fileRef = 39C53E64187F4B5E00C0CECE /* AutoPanButton.m */; };
		39C53E6B1885D98400C0CECE /* SurveyDocumentIcon.png in Resources */ = {isa = PBXBuildFile; fileRef = 39C53E681885D98400C0CECE /* SurveyDocumentIcon.png */; };
		39C53E6E1885D9DF00C0CECE /* ProtocolDocumentIcon.png in Resources */ = {isa = PBXBuildFile; fileRef = 39C53E6D1885D9DF00C0CECE /* ProtocolDocumentIcon.png */; };
		39C53E701885DAB000C0CECE /* TilePackageDocumentIcon.png in Resources */ = {isa = PBXBuildFile; fileRef = 39C53E6F1885DAB000C0CECE /* TilePackageDocumentIcon.png */; };
		39D1D94C17B464B40014C68F /* LocationAngleDistance.m in Sources */ = {isa = PBXBuildFile; fileRef = 39D1D94B17B464B40014C68F /* LocationAngleDistance.m */; };
		39D1D95A17BC21D00014C68F /* CoreData.framework in Frameworks */ = {isa = PBXBuildFile; fileRef = 39D1D95917BC21D00014C68F /* CoreData.framework */; };
		39D9479A18BEA79E0069DB31 /* XCTest.framework in Frameworks */ = {isa = PBXBuildFile; fileRef = 39C3B86A18BE8D770041FF36 /* XCTest.framework */; };
		39D9479B18BEA79E0069DB31 /* Foundation.framework in Frameworks */ = {isa = PBXBuildFile; fileRef = 39955E4C178334BF00D225D7 /* Foundation.framework */; };
		39D9479C18BEA79E0069DB31 /* UIKit.framework in Frameworks */ = {isa = PBXBuildFile; fileRef = 39955E4A178334BF00D225D7 /* UIKit.framework */; };
		39D947A218BEA79E0069DB31 /* InfoPlist.strings in Resources */ = {isa = PBXBuildFile; fileRef = 39D947A018BEA79E0069DB31 /* InfoPlist.strings */; };
		39D947A418BEA79E0069DB31 /* ObserverTests.m in Sources */ = {isa = PBXBuildFile; fileRef = 39D947A318BEA79E0069DB31 /* ObserverTests.m */; };
		39D947AD18BEA7DF0069DB31 /* AGSPointTests.m in Sources */ = {isa = PBXBuildFile; fileRef = 39D947AB18BEA7DF0069DB31 /* AGSPointTests.m */; };
		39D947AE18BEA7DF0069DB31 /* LocationAngleDistanceTests.m in Sources */ = {isa = PBXBuildFile; fileRef = 39D947AC18BEA7DF0069DB31 /* LocationAngleDistanceTests.m */; };
		5980838A1D0CE41900E4B2E8 /* NSString+csvEscape.m in Sources */ = {isa = PBXBuildFile; fileRef = 598083891D0CE41900E4B2E8 /* NSString+csvEscape.m */; };
		59954F851D146175006C32B4 /* POGraphic.m in Sources */ = {isa = PBXBuildFile; fileRef = 59954F841D146175006C32B4 /* POGraphic.m */; };
		59C60FE8185ABF9400470791 /* AKRDirectionIndicatorView.m in Sources */ = {isa = PBXBuildFile; fileRef = 59C60FE7185ABF9400470791 /* AKRDirectionIndicatorView.m */; };
		59C60FEF1863FDBF00470791 /* AKRFormatter.m in Sources */ = {isa = PBXBuildFile; fileRef = 59C60FEE1863FDBF00470791 /* AKRFormatter.m */; };
		59CBF9731E91887300AE13C3 /* ArcGIS.bundle in Resources */ = {isa = PBXBuildFile; fileRef = 59CBF9721E91887300AE13C3 /* ArcGIS.bundle */; };
/* End PBXBuildFile section */

/* Begin PBXContainerItemProxy section */
		3914013B19759BB70055F2E1 /* PBXContainerItemProxy */ = {
			isa = PBXContainerItemProxy;
			containerPortal = 3914013419759BB70055F2E1 /* ZipKit.xcodeproj */;
			proxyType = 2;
			remoteGlobalIDString = CB6F09CE174838FC00F91524;
			remoteInfo = ZipKit;
		};
		3914013D19759BB70055F2E1 /* PBXContainerItemProxy */ = {
			isa = PBXContainerItemProxy;
			containerPortal = 3914013419759BB70055F2E1 /* ZipKit.xcodeproj */;
			proxyType = 2;
			remoteGlobalIDString = CB6F0A4617483E5000F91524;
			remoteInfo = zipkit;
		};
		3914013F19759BB70055F2E1 /* PBXContainerItemProxy */ = {
			isa = PBXContainerItemProxy;
			containerPortal = 3914013419759BB70055F2E1 /* ZipKit.xcodeproj */;
			proxyType = 2;
			remoteGlobalIDString = CB6F0A9817484BDE00F91524;
			remoteInfo = touchzipkit;
		};
		3914014219759C650055F2E1 /* PBXContainerItemProxy */ = {
			isa = PBXContainerItemProxy;
			containerPortal = 3914013419759BB70055F2E1 /* ZipKit.xcodeproj */;
			proxyType = 1;
			remoteGlobalIDString = CB6F0A9717484BDE00F91524;
			remoteInfo = touchzipkit;
		};
		394CC2341858DFFA00FA859C /* PBXContainerItemProxy */ = {
			isa = PBXContainerItemProxy;
			containerPortal = 394CC2301858DFFA00FA859C /* QuickDialog.xcodeproj */;
			proxyType = 2;
			remoteGlobalIDString = 2C542393145ADEBD0026A152;
			remoteInfo = QuickDialog;
		};
		394CC2361858E05000FA859C /* PBXContainerItemProxy */ = {
			isa = PBXContainerItemProxy;
			containerPortal = 394CC2301858DFFA00FA859C /* QuickDialog.xcodeproj */;
			proxyType = 1;
			remoteGlobalIDString = 2C542392145ADEBD0026A152;
			remoteInfo = QuickDialog;
		};
		394CC23A1858EF0500FA859C /* PBXContainerItemProxy */ = {
			isa = PBXContainerItemProxy;
			containerPortal = 394CC2301858DFFA00FA859C /* QuickDialog.xcodeproj */;
			proxyType = 2;
			remoteGlobalIDString = D80B0E3313E052DF00FA85CA;
			remoteInfo = QuickDialogExample;
		};
		39D947A618BEA79E0069DB31 /* PBXContainerItemProxy */ = {
			isa = PBXContainerItemProxy;
			containerPortal = 39955E3F178334BF00D225D7 /* Project object */;
			proxyType = 1;
			remoteGlobalIDString = 39955E46178334BF00D225D7;
			remoteInfo = "Park Observer";
		};
/* End PBXContainerItemProxy section */

/* Begin PBXFileReference section */
		3914013419759BB70055F2E1 /* ZipKit.xcodeproj */ = {isa = PBXFileReference; lastKnownFileType = "wrapper.pb-project"; name = ZipKit.xcodeproj; path = ZipKit/ZipKit.xcodeproj; sourceTree = "<group>"; };
		391401441975A03A0055F2E1 /* LICENSE */ = {isa = PBXFileReference; fileEncoding = 4; lastKnownFileType = text; name = LICENSE; path = ../LICENSE; sourceTree = "<group>"; };
		3914014A1975AA1D0055F2E1 /* ACKNOWLEDGEMENTS */ = {isa = PBXFileReference; fileEncoding = 4; lastKnownFileType = text; path = ACKNOWLEDGEMENTS; sourceTree = SOURCE_ROOT; };
		391C77A8190F270D006E220E /* GpsPointTableViewController.h */ = {isa = PBXFileReference; fileEncoding = 4; lastKnownFileType = sourcecode.c.h; path = GpsPointTableViewController.h; sourceTree = "<group>"; };
		391C77A9190F270D006E220E /* GpsPointTableViewController.m */ = {isa = PBXFileReference; fileEncoding = 4; lastKnownFileType = sourcecode.c.objc; path = GpsPointTableViewController.m; sourceTree = "<group>"; };
		3929196617BEB6A8008B0FFC /* Todo.rtf */ = {isa = PBXFileReference; lastKnownFileType = text.rtf; path = Todo.rtf; sourceTree = "<group>"; };
		392E8FBC18EF2F030055D312 /* Crashlytics.framework */ = {isa = PBXFileReference; lastKnownFileType = wrapper.framework; path = Crashlytics.framework; sourceTree = "<group>"; };
		39336F4418A1BA2100620A3A /* ProtocolMissionFeature.h */ = {isa = PBXFileReference; fileEncoding = 4; lastKnownFileType = sourcecode.c.h; name = ProtocolMissionFeature.h; path = Protocols/ProtocolMissionFeature.h; sourceTree = "<group>"; };
		39336F4518A1BA2100620A3A /* ProtocolMissionFeature.m */ = {isa = PBXFileReference; fileEncoding = 4; lastKnownFileType = sourcecode.c.objc; name = ProtocolMissionFeature.m; path = Protocols/ProtocolMissionFeature.m; sourceTree = "<group>"; };
		39336F4A18AC23DC00620A3A /* Protocol Specification V2.rtf */ = {isa = PBXFileReference; fileEncoding = 4; lastKnownFileType = text.rtf; path = "Protocol Specification V2.rtf"; sourceTree = "<group>"; };
		39336F4C18AC25B100620A3A /* AddFeatureBarButtonItem.h */ = {isa = PBXFileReference; fileEncoding = 4; lastKnownFileType = sourcecode.c.h; path = AddFeatureBarButtonItem.h; sourceTree = "<group>"; };
		39336F4D18AC25B100620A3A /* AddFeatureBarButtonItem.m */ = {isa = PBXFileReference; fileEncoding = 4; lastKnownFileType = sourcecode.c.objc; path = AddFeatureBarButtonItem.m; sourceTree = "<group>"; };
		393412C01C0524DD002A1551 /* ArcGIS.framework */ = {isa = PBXFileReference; lastKnownFileType = wrapper.framework; name = ArcGIS.framework; path = ../../../../Library/SDKs/ArcGIS/iOS/ArcGIS.framework; sourceTree = "<group>"; };
		393412C71C052BC7002A1551 /* Fabric.framework */ = {isa = PBXFileReference; lastKnownFileType = wrapper.framework; path = Fabric.framework; sourceTree = "<group>"; };
		393E8AFA17A2E1D8009AD0AC /* Settings.h */ = {isa = PBXFileReference; fileEncoding = 4; lastKnownFileType = sourcecode.c.h; name = Settings.h; path = Model/Settings.h; sourceTree = "<group>"; };
		393E8AFB17A2E1D8009AD0AC /* Settings.m */ = {isa = PBXFileReference; fileEncoding = 4; lastKnownFileType = sourcecode.c.objc; name = Settings.m; path = Model/Settings.m; sourceTree = "<group>"; };
		393E8AFD17A30012009AD0AC /* Settings.bundle */ = {isa = PBXFileReference; lastKnownFileType = "wrapper.plug-in"; path = Settings.bundle; sourceTree = "<group>"; };
		393E8AFF17A318F5009AD0AC /* Enumerations.h */ = {isa = PBXFileReference; lastKnownFileType = sourcecode.c.h; name = Enumerations.h; path = Model/Enumerations.h; sourceTree = "<group>"; };
		39449F1818ADAC8C00A1F8FE /* Base */ = {isa = PBXFileReference; lastKnownFileType = file.storyboard; name = Base; path = Base.lproj/MainStoryboard_iPad.storyboard; sourceTree = "<group>"; };
		39449F1918AE8A1800A1F8FE /* Base */ = {isa = PBXFileReference; lastKnownFileType = text.plist.strings; name = Base; path = Base.lproj/Localizable.strings; sourceTree = "<group>"; };
		39449F1A18AE8AFB00A1F8FE /* Base */ = {isa = PBXFileReference; lastKnownFileType = text.plist.strings; name = Base; path = Base.lproj/InfoPlist.strings; sourceTree = "<group>"; };
		394BDD11191D2FEC000C8A4B /* GpsPoint+CsvExport.h */ = {isa = PBXFileReference; fileEncoding = 4; lastKnownFileType = sourcecode.c.h; name = "GpsPoint+CsvExport.h"; path = "Model/GpsPoint+CsvExport.h"; sourceTree = "<group>"; };
		394BDD12191D2FEC000C8A4B /* GpsPoint+CsvExport.m */ = {isa = PBXFileReference; fileEncoding = 4; lastKnownFileType = sourcecode.c.objc; name = "GpsPoint+CsvExport.m"; path = "Model/GpsPoint+CsvExport.m"; sourceTree = "<group>"; };
		394BDD15191D33C4000C8A4B /* Survey+CsvExport.h */ = {isa = PBXFileReference; fileEncoding = 4; lastKnownFileType = sourcecode.c.h; name = "Survey+CsvExport.h"; path = "Surveys/Survey+CsvExport.h"; sourceTree = "<group>"; };
		394BDD16191D33C4000C8A4B /* Survey+CsvExport.m */ = {isa = PBXFileReference; fileEncoding = 4; lastKnownFileType = sourcecode.c.objc; name = "Survey+CsvExport.m"; path = "Surveys/Survey+CsvExport.m"; sourceTree = "<group>"; };
		394BDD18191D4867000C8A4B /* Observation+Location.h */ = {isa = PBXFileReference; fileEncoding = 4; lastKnownFileType = sourcecode.c.h; name = "Observation+Location.h"; path = "Model/Observation+Location.h"; sourceTree = "<group>"; };
		394BDD19191D4867000C8A4B /* Observation+Location.m */ = {isa = PBXFileReference; fileEncoding = 4; lastKnownFileType = sourcecode.c.objc; name = "Observation+Location.m"; path = "Model/Observation+Location.m"; sourceTree = "<group>"; };
		394BDD1B191D6802000C8A4B /* MissionProperty+Location.h */ = {isa = PBXFileReference; fileEncoding = 4; lastKnownFileType = sourcecode.c.h; name = "MissionProperty+Location.h"; path = "Model/MissionProperty+Location.h"; sourceTree = "<group>"; };
		394BDD1C191D6802000C8A4B /* MissionProperty+Location.m */ = {isa = PBXFileReference; fileEncoding = 4; lastKnownFileType = sourcecode.c.objc; name = "MissionProperty+Location.m"; path = "Model/MissionProperty+Location.m"; sourceTree = "<group>"; };
		394BDD1E191D6BFE000C8A4B /* GpsPoint+Location.h */ = {isa = PBXFileReference; fileEncoding = 4; lastKnownFileType = sourcecode.c.h; name = "GpsPoint+Location.h"; path = "Model/GpsPoint+Location.h"; sourceTree = "<group>"; };
		394BDD1F191D6BFE000C8A4B /* GpsPoint+Location.m */ = {isa = PBXFileReference; fileEncoding = 4; lastKnownFileType = sourcecode.c.objc; name = "GpsPoint+Location.m"; path = "Model/GpsPoint+Location.m"; sourceTree = "<group>"; };
		394CC2301858DFFA00FA859C /* QuickDialog.xcodeproj */ = {isa = PBXFileReference; lastKnownFileType = "wrapper.pb-project"; name = QuickDialog.xcodeproj; path = QuickDialog/QuickDialog.xcodeproj; sourceTree = "<group>"; };
		394CC23D1858EF5800FA859C /* ObserverModel.xcdatamodel */ = {isa = PBXFileReference; lastKnownFileType = wrapper.xcdatamodel; path = ObserverModel.xcdatamodel; sourceTree = "<group>"; };
		394CC23F1858F11700FA859C /* MapReference.h */ = {isa = PBXFileReference; fileEncoding = 4; lastKnownFileType = sourcecode.c.h; name = MapReference.h; path = Model/MapReference.h; sourceTree = "<group>"; };
		394CC2401858F11700FA859C /* MapReference.m */ = {isa = PBXFileReference; fileEncoding = 4; lastKnownFileType = sourcecode.c.objc; name = MapReference.m; path = Model/MapReference.m; sourceTree = "<group>"; };
		394CC2421858F11800FA859C /* MissionProperty.h */ = {isa = PBXFileReference; fileEncoding = 4; lastKnownFileType = sourcecode.c.h; name = MissionProperty.h; path = Model/MissionProperty.h; sourceTree = "<group>"; };
		394CC2431858F11800FA859C /* MissionProperty.m */ = {isa = PBXFileReference; fileEncoding = 4; lastKnownFileType = sourcecode.c.objc; name = MissionProperty.m; path = Model/MissionProperty.m; sourceTree = "<group>"; };
		394CC2451858F11800FA859C /* GpsPoint.h */ = {isa = PBXFileReference; fileEncoding = 4; lastKnownFileType = sourcecode.c.h; name = GpsPoint.h; path = Model/GpsPoint.h; sourceTree = "<group>"; };
		394CC2461858F11800FA859C /* GpsPoint.m */ = {isa = PBXFileReference; fileEncoding = 4; lastKnownFileType = sourcecode.c.objc; name = GpsPoint.m; path = Model/GpsPoint.m; sourceTree = "<group>"; };
		394CC2481858F11800FA859C /* AdhocLocation.h */ = {isa = PBXFileReference; fileEncoding = 4; lastKnownFileType = sourcecode.c.h; name = AdhocLocation.h; path = Model/AdhocLocation.h; sourceTree = "<group>"; };
		394CC2491858F11800FA859C /* AdhocLocation.m */ = {isa = PBXFileReference; fileEncoding = 4; lastKnownFileType = sourcecode.c.objc; name = AdhocLocation.m; path = Model/AdhocLocation.m; sourceTree = "<group>"; };
		394CC24B1858F11800FA859C /* Mission.h */ = {isa = PBXFileReference; fileEncoding = 4; lastKnownFileType = sourcecode.c.h; name = Mission.h; path = Model/Mission.h; sourceTree = "<group>"; };
		394CC24C1858F11800FA859C /* Mission.m */ = {isa = PBXFileReference; fileEncoding = 4; lastKnownFileType = sourcecode.c.objc; name = Mission.m; path = Model/Mission.m; sourceTree = "<group>"; };
		394CC24E1858F11800FA859C /* AngleDistanceLocation.h */ = {isa = PBXFileReference; fileEncoding = 4; lastKnownFileType = sourcecode.c.h; name = AngleDistanceLocation.h; path = Model/AngleDistanceLocation.h; sourceTree = "<group>"; };
		394CC24F1858F11800FA859C /* AngleDistanceLocation.m */ = {isa = PBXFileReference; fileEncoding = 4; lastKnownFileType = sourcecode.c.objc; name = AngleDistanceLocation.m; path = Model/AngleDistanceLocation.m; sourceTree = "<group>"; };
		394CC2511858F11800FA859C /* Observation.h */ = {isa = PBXFileReference; fileEncoding = 4; lastKnownFileType = sourcecode.c.h; name = Observation.h; path = Model/Observation.h; sourceTree = "<group>"; };
		394CC2521858F11800FA859C /* Observation.m */ = {isa = PBXFileReference; fileEncoding = 4; lastKnownFileType = sourcecode.c.objc; name = Observation.m; path = Model/Observation.m; sourceTree = "<group>"; };
		395ACFAA1935325800D04563 /* SurveyUploadTableViewController.h */ = {isa = PBXFileReference; fileEncoding = 4; lastKnownFileType = sourcecode.c.h; name = SurveyUploadTableViewController.h; path = Surveys/SurveyUploadTableViewController.h; sourceTree = "<group>"; };
		395ACFAB1935325800D04563 /* SurveyUploadTableViewController.m */ = {isa = PBXFileReference; fileEncoding = 4; lastKnownFileType = sourcecode.c.objc; name = SurveyUploadTableViewController.m; path = Surveys/SurveyUploadTableViewController.m; sourceTree = "<group>"; };
		396775C617A1C7B5009ECD34 /* AngleDistanceViewController.h */ = {isa = PBXFileReference; fileEncoding = 4; lastKnownFileType = sourcecode.c.h; path = AngleDistanceViewController.h; sourceTree = "<group>"; };
		396775C717A1C7B5009ECD34 /* AngleDistanceViewController.m */ = {isa = PBXFileReference; fileEncoding = 4; lastKnownFileType = sourcecode.c.objc; path = AngleDistanceViewController.m; sourceTree = "<group>"; };
		396E1E8B18984EFF00B735EF /* Warnings.xcconfig */ = {isa = PBXFileReference; fileEncoding = 4; lastKnownFileType = text.xcconfig; path = Warnings.xcconfig; sourceTree = SOURCE_ROOT; };
		396E1E8E189864AE00B735EF /* NSIndexPath+unsignedAccessors.h */ = {isa = PBXFileReference; fileEncoding = 4; lastKnownFileType = sourcecode.c.h; name = "NSIndexPath+unsignedAccessors.h"; path = "Categories/NSIndexPath+unsignedAccessors.h"; sourceTree = "<group>"; };
		396E1E8F189864AE00B735EF /* NSIndexPath+unsignedAccessors.m */ = {isa = PBXFileReference; fileEncoding = 4; lastKnownFileType = sourcecode.c.objc; name = "NSIndexPath+unsignedAccessors.m"; path = "Categories/NSIndexPath+unsignedAccessors.m"; sourceTree = "<group>"; };
		396E1E941899AD2900B735EF /* ProtocolFeature.h */ = {isa = PBXFileReference; fileEncoding = 4; lastKnownFileType = sourcecode.c.h; name = ProtocolFeature.h; path = Protocols/ProtocolFeature.h; sourceTree = "<group>"; };
		396E1E951899AD2900B735EF /* ProtocolFeature.m */ = {isa = PBXFileReference; fileEncoding = 4; lastKnownFileType = sourcecode.c.objc; name = ProtocolFeature.m; path = Protocols/ProtocolFeature.m; sourceTree = "<group>"; };
		396E1E971899AD4B00B735EF /* ProtocolFeatureAllowedLocations.h */ = {isa = PBXFileReference; fileEncoding = 4; lastKnownFileType = sourcecode.c.h; name = ProtocolFeatureAllowedLocations.h; path = Protocols/ProtocolFeatureAllowedLocations.h; sourceTree = "<group>"; };
		396E1E981899AD4B00B735EF /* ProtocolFeatureAllowedLocations.m */ = {isa = PBXFileReference; fileEncoding = 4; lastKnownFileType = sourcecode.c.objc; name = ProtocolFeatureAllowedLocations.m; path = Protocols/ProtocolFeatureAllowedLocations.m; sourceTree = "<group>"; };
		396E1E9A189AD87000B735EF /* Sample Protocol.obsprot */ = {isa = PBXFileReference; lastKnownFileType = text; path = "Sample Protocol.obsprot"; sourceTree = "<group>"; };
		396E1E9B189ADE8F00B735EF /* ProtocolFeatureSymbology.h */ = {isa = PBXFileReference; fileEncoding = 4; lastKnownFileType = sourcecode.c.h; name = ProtocolFeatureSymbology.h; path = Protocols/ProtocolFeatureSymbology.h; sourceTree = "<group>"; };
		396E1E9C189ADE8F00B735EF /* ProtocolFeatureSymbology.m */ = {isa = PBXFileReference; fileEncoding = 4; lastKnownFileType = sourcecode.c.objc; name = ProtocolFeatureSymbology.m; path = Protocols/ProtocolFeatureSymbology.m; sourceTree = "<group>"; };
		397CF5501D0B7296008D7227 /* ProtocolFeatureLabel.h */ = {isa = PBXFileReference; fileEncoding = 4; lastKnownFileType = sourcecode.c.h; name = ProtocolFeatureLabel.h; path = Protocols/ProtocolFeatureLabel.h; sourceTree = "<group>"; };
		397CF5511D0B7296008D7227 /* ProtocolFeatureLabel.m */ = {isa = PBXFileReference; fileEncoding = 4; lastKnownFileType = sourcecode.c.objc; name = ProtocolFeatureLabel.m; path = Protocols/ProtocolFeatureLabel.m; sourceTree = "<group>"; };
		3982F6C818C00D040081C3F9 /* AGSMapView+AKRAdditions.h */ = {isa = PBXFileReference; fileEncoding = 4; lastKnownFileType = sourcecode.c.h; name = "AGSMapView+AKRAdditions.h"; path = "Categories/AGSMapView+AKRAdditions.h"; sourceTree = "<group>"; };
		3982F6C918C00D040081C3F9 /* AGSMapView+AKRAdditions.m */ = {isa = PBXFileReference; fileEncoding = 4; lastKnownFileType = sourcecode.c.objc; name = "AGSMapView+AKRAdditions.m"; path = "Categories/AGSMapView+AKRAdditions.m"; sourceTree = "<group>"; };
		398908041857DDFD007B3F67 /* ArcGIS.bundle */ = {isa = PBXFileReference; lastKnownFileType = "wrapper.plug-in"; name = ArcGIS.bundle; path = ../../../../../Library/SDKs/ArcGIS/iOS/ArcGIS.framework/Versions/Current/Resources/ArcGIS.bundle; sourceTree = "<group>"; };
		398908181857EB2F007B3F67 /* Map.h */ = {isa = PBXFileReference; fileEncoding = 4; lastKnownFileType = sourcecode.c.h; path = Map.h; sourceTree = "<group>"; };
		398908191857EB2F007B3F67 /* Map.m */ = {isa = PBXFileReference; fileEncoding = 4; lastKnownFileType = sourcecode.c.objc; path = Map.m; sourceTree = "<group>"; };
		3989081A1857EB2F007B3F67 /* MapCollection.h */ = {isa = PBXFileReference; fileEncoding = 4; lastKnownFileType = sourcecode.c.h; path = MapCollection.h; sourceTree = "<group>"; };
		3989081B1857EB2F007B3F67 /* MapCollection.m */ = {isa = PBXFileReference; fileEncoding = 4; lastKnownFileType = sourcecode.c.objc; path = MapCollection.m; sourceTree = "<group>"; };
		3989081C1857EB2F007B3F67 /* MapDetailViewController.h */ = {isa = PBXFileReference; fileEncoding = 4; lastKnownFileType = sourcecode.c.h; path = MapDetailViewController.h; sourceTree = "<group>"; };
		3989081D1857EB2F007B3F67 /* MapDetailViewController.m */ = {isa = PBXFileReference; fileEncoding = 4; lastKnownFileType = sourcecode.c.objc; path = MapDetailViewController.m; sourceTree = "<group>"; };
		3989081E1857EB2F007B3F67 /* MapSelectViewController.h */ = {isa = PBXFileReference; fileEncoding = 4; lastKnownFileType = sourcecode.c.h; path = MapSelectViewController.h; sourceTree = "<group>"; };
		3989081F1857EB2F007B3F67 /* MapSelectViewController.m */ = {isa = PBXFileReference; fileEncoding = 4; lastKnownFileType = sourcecode.c.objc; path = MapSelectViewController.m; sourceTree = "<group>"; };
		398908201857EB2F007B3F67 /* MapTableViewCell.h */ = {isa = PBXFileReference; fileEncoding = 4; lastKnownFileType = sourcecode.c.h; path = MapTableViewCell.h; sourceTree = "<group>"; };
		398908211857EB2F007B3F67 /* MapTableViewCell.m */ = {isa = PBXFileReference; fileEncoding = 4; lastKnownFileType = sourcecode.c.objc; path = MapTableViewCell.m; sourceTree = "<group>"; };
		398908331857EBF5007B3F67 /* ProtocolCollection.h */ = {isa = PBXFileReference; fileEncoding = 4; lastKnownFileType = sourcecode.c.h; name = ProtocolCollection.h; path = Protocols/ProtocolCollection.h; sourceTree = "<group>"; };
		398908341857EBF6007B3F67 /* ProtocolCollection.m */ = {isa = PBXFileReference; fileEncoding = 4; lastKnownFileType = sourcecode.c.objc; name = ProtocolCollection.m; path = Protocols/ProtocolCollection.m; sourceTree = "<group>"; };
		398908351857EBF6007B3F67 /* ProtocolDetailViewController.h */ = {isa = PBXFileReference; fileEncoding = 4; lastKnownFileType = sourcecode.c.h; name = ProtocolDetailViewController.h; path = Protocols/ProtocolDetailViewController.h; sourceTree = "<group>"; };
		398908361857EBF6007B3F67 /* ProtocolDetailViewController.m */ = {isa = PBXFileReference; fileEncoding = 4; lastKnownFileType = sourcecode.c.objc; name = ProtocolDetailViewController.m; path = Protocols/ProtocolDetailViewController.m; sourceTree = "<group>"; };
		398908371857EBF6007B3F67 /* ProtocolSelectViewController.h */ = {isa = PBXFileReference; fileEncoding = 4; lastKnownFileType = sourcecode.c.h; name = ProtocolSelectViewController.h; path = Protocols/ProtocolSelectViewController.h; sourceTree = "<group>"; };
		398908381857EBF6007B3F67 /* ProtocolSelectViewController.m */ = {isa = PBXFileReference; fileEncoding = 4; lastKnownFileType = sourcecode.c.objc; name = ProtocolSelectViewController.m; path = Protocols/ProtocolSelectViewController.m; sourceTree = "<group>"; };
		398908391857EBF6007B3F67 /* ProtocolTableViewCell.h */ = {isa = PBXFileReference; fileEncoding = 4; lastKnownFileType = sourcecode.c.h; name = ProtocolTableViewCell.h; path = Protocols/ProtocolTableViewCell.h; sourceTree = "<group>"; };
		3989083A1857EBF6007B3F67 /* ProtocolTableViewCell.m */ = {isa = PBXFileReference; fileEncoding = 4; lastKnownFileType = sourcecode.c.objc; name = ProtocolTableViewCell.m; path = Protocols/ProtocolTableViewCell.m; sourceTree = "<group>"; };
		3989083F1857ECE4007B3F67 /* SProtocol.h */ = {isa = PBXFileReference; fileEncoding = 4; lastKnownFileType = sourcecode.c.h; name = SProtocol.h; path = Protocols/SProtocol.h; sourceTree = "<group>"; };
		398908401857ECE4007B3F67 /* SProtocol.m */ = {isa = PBXFileReference; fileEncoding = 4; lastKnownFileType = sourcecode.c.objc; name = SProtocol.m; path = Protocols/SProtocol.m; sourceTree = "<group>"; };
		398908431857ED00007B3F67 /* Survey.h */ = {isa = PBXFileReference; fileEncoding = 4; lastKnownFileType = sourcecode.c.h; name = Survey.h; path = Surveys/Survey.h; sourceTree = "<group>"; };
		398908441857ED00007B3F67 /* Survey.m */ = {isa = PBXFileReference; fileEncoding = 4; lastKnownFileType = sourcecode.c.objc; name = Survey.m; path = Surveys/Survey.m; sourceTree = "<group>"; };
		398908451857ED00007B3F67 /* SurveyCollection.h */ = {isa = PBXFileReference; fileEncoding = 4; lastKnownFileType = sourcecode.c.h; name = SurveyCollection.h; path = Surveys/SurveyCollection.h; sourceTree = "<group>"; };
		398908461857ED00007B3F67 /* SurveyCollection.m */ = {isa = PBXFileReference; fileEncoding = 4; lastKnownFileType = sourcecode.c.objc; name = SurveyCollection.m; path = Surveys/SurveyCollection.m; sourceTree = "<group>"; };
		398908471857ED00007B3F67 /* SurveyCoreDataDocument.h */ = {isa = PBXFileReference; fileEncoding = 4; lastKnownFileType = sourcecode.c.h; name = SurveyCoreDataDocument.h; path = Surveys/SurveyCoreDataDocument.h; sourceTree = "<group>"; };
		398908481857ED00007B3F67 /* SurveyCoreDataDocument.m */ = {isa = PBXFileReference; fileEncoding = 4; lastKnownFileType = sourcecode.c.objc; name = SurveyCoreDataDocument.m; path = Surveys/SurveyCoreDataDocument.m; sourceTree = "<group>"; };
		398908491857ED00007B3F67 /* SurveyObjectModel.h */ = {isa = PBXFileReference; fileEncoding = 4; lastKnownFileType = sourcecode.c.h; name = SurveyObjectModel.h; path = Surveys/SurveyObjectModel.h; sourceTree = "<group>"; };
		3989084A1857ED00007B3F67 /* SurveyObjectModel.m */ = {isa = PBXFileReference; fileEncoding = 4; lastKnownFileType = sourcecode.c.objc; lineEnding = 0; name = SurveyObjectModel.m; path = Surveys/SurveyObjectModel.m; sourceTree = "<group>"; xcLanguageSpecificationIdentifier = xcode.lang.objc; };
		3989084B1857ED00007B3F67 /* SurveySelectViewController.h */ = {isa = PBXFileReference; fileEncoding = 4; lastKnownFileType = sourcecode.c.h; name = SurveySelectViewController.h; path = Surveys/SurveySelectViewController.h; sourceTree = "<group>"; };
		3989084C1857ED00007B3F67 /* SurveySelectViewController.m */ = {isa = PBXFileReference; fileEncoding = 4; lastKnownFileType = sourcecode.c.objc; name = SurveySelectViewController.m; path = Surveys/SurveySelectViewController.m; sourceTree = "<group>"; };
		398908531857EDE1007B3F67 /* AGSPoint+AKRAdditions.h */ = {isa = PBXFileReference; fileEncoding = 4; lastKnownFileType = sourcecode.c.h; name = "AGSPoint+AKRAdditions.h"; path = "Categories/AGSPoint+AKRAdditions.h"; sourceTree = "<group>"; };
		398908541857EDE1007B3F67 /* AGSPoint+AKRAdditions.m */ = {isa = PBXFileReference; fileEncoding = 4; lastKnownFileType = sourcecode.c.objc; name = "AGSPoint+AKRAdditions.m"; path = "Categories/AGSPoint+AKRAdditions.m"; sourceTree = "<group>"; };
		398908551857EDE1007B3F67 /* NSArray+map.h */ = {isa = PBXFileReference; fileEncoding = 4; lastKnownFileType = sourcecode.c.h; name = "NSArray+map.h"; path = "Categories/NSArray+map.h"; sourceTree = "<group>"; };
		398908561857EDE1007B3F67 /* NSArray+map.m */ = {isa = PBXFileReference; fileEncoding = 4; lastKnownFileType = sourcecode.c.objc; name = "NSArray+map.m"; path = "Categories/NSArray+map.m"; sourceTree = "<group>"; };
		398908571857EDE1007B3F67 /* NSDate+Formatting.h */ = {isa = PBXFileReference; fileEncoding = 4; lastKnownFileType = sourcecode.c.h; name = "NSDate+Formatting.h"; path = "Categories/NSDate+Formatting.h"; sourceTree = "<group>"; };
		398908581857EDE1007B3F67 /* NSDate+Formatting.m */ = {isa = PBXFileReference; fileEncoding = 4; lastKnownFileType = sourcecode.c.objc; name = "NSDate+Formatting.m"; path = "Categories/NSDate+Formatting.m"; sourceTree = "<group>"; };
		398908591857EDE1007B3F67 /* NSIndexSet+indexPath.h */ = {isa = PBXFileReference; fileEncoding = 4; lastKnownFileType = sourcecode.c.h; name = "NSIndexSet+indexPath.h"; path = "Categories/NSIndexSet+indexPath.h"; sourceTree = "<group>"; };
		3989085A1857EDE1007B3F67 /* NSIndexSet+indexPath.m */ = {isa = PBXFileReference; fileEncoding = 4; lastKnownFileType = sourcecode.c.objc; lineEnding = 0; name = "NSIndexSet+indexPath.m"; path = "Categories/NSIndexSet+indexPath.m"; sourceTree = "<group>"; xcLanguageSpecificationIdentifier = xcode.lang.objc; };
		3989085B1857EDE1007B3F67 /* NSURL+unique.h */ = {isa = PBXFileReference; fileEncoding = 4; lastKnownFileType = sourcecode.c.h; name = "NSURL+unique.h"; path = "Categories/NSURL+unique.h"; sourceTree = "<group>"; };
		3989085C1857EDE1007B3F67 /* NSURL+unique.m */ = {isa = PBXFileReference; fileEncoding = 4; lastKnownFileType = sourcecode.c.objc; name = "NSURL+unique.m"; path = "Categories/NSURL+unique.m"; sourceTree = "<group>"; };
		398908621857EFF3007B3F67 /* AKRTableViewItem.h */ = {isa = PBXFileReference; fileEncoding = 4; lastKnownFileType = sourcecode.c.h; path = AKRTableViewItem.h; sourceTree = "<group>"; };
		398908631857F087007B3F67 /* AKRCollectionChanged.h */ = {isa = PBXFileReference; fileEncoding = 4; lastKnownFileType = sourcecode.c.h; path = AKRCollectionChanged.h; sourceTree = "<group>"; };
		398908641857F192007B3F67 /* SurveyDetailViewController.h */ = {isa = PBXFileReference; fileEncoding = 4; lastKnownFileType = sourcecode.c.h; name = SurveyDetailViewController.h; path = Surveys/SurveyDetailViewController.h; sourceTree = "<group>"; };
		398908651857F192007B3F67 /* SurveyDetailViewController.m */ = {isa = PBXFileReference; fileEncoding = 4; lastKnownFileType = sourcecode.c.objc; name = SurveyDetailViewController.m; path = Surveys/SurveyDetailViewController.m; sourceTree = "<group>"; };
		398908661857F192007B3F67 /* SurveyTableViewCell.h */ = {isa = PBXFileReference; fileEncoding = 4; lastKnownFileType = sourcecode.c.h; name = SurveyTableViewCell.h; path = Surveys/SurveyTableViewCell.h; sourceTree = "<group>"; };
		398908671857F192007B3F67 /* SurveyTableViewCell.m */ = {isa = PBXFileReference; fileEncoding = 4; lastKnownFileType = sourcecode.c.objc; name = SurveyTableViewCell.m; path = Surveys/SurveyTableViewCell.m; sourceTree = "<group>"; };
		3989086A1857F399007B3F67 /* AKRDownloadView.h */ = {isa = PBXFileReference; fileEncoding = 4; lastKnownFileType = sourcecode.c.h; path = AKRDownloadView.h; sourceTree = "<group>"; };
		3989086B1857F399007B3F67 /* AKRDownloadView.m */ = {isa = PBXFileReference; fileEncoding = 4; lastKnownFileType = sourcecode.c.objc; path = AKRDownloadView.m; sourceTree = "<group>"; };
		39890DA21858C99E007B3F67 /* Images.xcassets */ = {isa = PBXFileReference; lastKnownFileType = folder.assetcatalog; path = Images.xcassets; sourceTree = "<group>"; };
		398A97301CCEDB2800143160 /* SampleProtocolV2.obsprot */ = {isa = PBXFileReference; fileEncoding = 4; lastKnownFileType = text; path = SampleProtocolV2.obsprot; sourceTree = "<group>"; };
		398A97351CCFD11800143160 /* MissionTotalizer.h */ = {isa = PBXFileReference; fileEncoding = 4; lastKnownFileType = sourcecode.c.h; path = MissionTotalizer.h; sourceTree = "<group>"; };
		398A97361CCFD11800143160 /* MissionTotalizer.m */ = {isa = PBXFileReference; fileEncoding = 4; lastKnownFileType = sourcecode.c.objc; path = MissionTotalizer.m; sourceTree = "<group>"; };
		39946AAE191DA0EA00875D90 /* Observation+CsvExport.h */ = {isa = PBXFileReference; fileEncoding = 4; lastKnownFileType = sourcecode.c.h; name = "Observation+CsvExport.h"; path = "Model/Observation+CsvExport.h"; sourceTree = "<group>"; };
		39946AAF191DA0EA00875D90 /* Observation+CsvExport.m */ = {isa = PBXFileReference; fileEncoding = 4; lastKnownFileType = sourcecode.c.objc; name = "Observation+CsvExport.m"; path = "Model/Observation+CsvExport.m"; sourceTree = "<group>"; };
		39946AB71925473A00875D90 /* TrackLogSegment.h */ = {isa = PBXFileReference; fileEncoding = 4; lastKnownFileType = sourcecode.c.h; path = TrackLogSegment.h; sourceTree = "<group>"; };
		39946AB81925473A00875D90 /* TrackLogSegment.m */ = {isa = PBXFileReference; fileEncoding = 4; lastKnownFileType = sourcecode.c.objc; path = TrackLogSegment.m; sourceTree = "<group>"; };
		39955E47178334BF00D225D7 /* Park Observer.app */ = {isa = PBXFileReference; explicitFileType = wrapper.application; includeInIndex = 0; path = "Park Observer.app"; sourceTree = BUILT_PRODUCTS_DIR; };
		39955E4A178334BF00D225D7 /* UIKit.framework */ = {isa = PBXFileReference; lastKnownFileType = wrapper.framework; name = UIKit.framework; path = System/Library/Frameworks/UIKit.framework; sourceTree = SDKROOT; };
		39955E4C178334BF00D225D7 /* Foundation.framework */ = {isa = PBXFileReference; lastKnownFileType = wrapper.framework; name = Foundation.framework; path = System/Library/Frameworks/Foundation.framework; sourceTree = SDKROOT; };
		39955E4E178334BF00D225D7 /* CoreGraphics.framework */ = {isa = PBXFileReference; lastKnownFileType = wrapper.framework; name = CoreGraphics.framework; path = System/Library/Frameworks/CoreGraphics.framework; sourceTree = SDKROOT; };
		39955E52178334C000D225D7 /* Observer-Info.plist */ = {isa = PBXFileReference; lastKnownFileType = text.plist.xml; path = "Observer-Info.plist"; sourceTree = "<group>"; };
		39955E56178334C000D225D7 /* main.m */ = {isa = PBXFileReference; lastKnownFileType = sourcecode.c.objc; path = main.m; sourceTree = "<group>"; };
		39955E59178334C000D225D7 /* ObserverAppDelegate.h */ = {isa = PBXFileReference; lastKnownFileType = sourcecode.c.h; path = ObserverAppDelegate.h; sourceTree = "<group>"; };
		39955E5A178334C000D225D7 /* ObserverAppDelegate.m */ = {isa = PBXFileReference; lastKnownFileType = sourcecode.c.objc; path = ObserverAppDelegate.m; sourceTree = "<group>"; };
		39955E931783377E00D225D7 /* CoreLocation.framework */ = {isa = PBXFileReference; lastKnownFileType = wrapper.framework; name = CoreLocation.framework; path = System/Library/Frameworks/CoreLocation.framework; sourceTree = SDKROOT; };
		39955E951783379400D225D7 /* CoreText.framework */ = {isa = PBXFileReference; lastKnownFileType = wrapper.framework; name = CoreText.framework; path = System/Library/Frameworks/CoreText.framework; sourceTree = SDKROOT; };
		39955E97178337BF00D225D7 /* QuartzCore.framework */ = {isa = PBXFileReference; lastKnownFileType = wrapper.framework; name = QuartzCore.framework; path = System/Library/Frameworks/QuartzCore.framework; sourceTree = SDKROOT; };
		39955E99178337D900D225D7 /* MediaPlayer.framework */ = {isa = PBXFileReference; lastKnownFileType = wrapper.framework; name = MediaPlayer.framework; path = System/Library/Frameworks/MediaPlayer.framework; sourceTree = SDKROOT; };
		39955E9B178337E000D225D7 /* MobileCoreServices.framework */ = {isa = PBXFileReference; lastKnownFileType = wrapper.framework; name = MobileCoreServices.framework; path = System/Library/Frameworks/MobileCoreServices.framework; sourceTree = SDKROOT; };
		39955E9D178337E800D225D7 /* Security.framework */ = {isa = PBXFileReference; lastKnownFileType = wrapper.framework; name = Security.framework; path = System/Library/Frameworks/Security.framework; sourceTree = SDKROOT; };
		39955E9F178337F700D225D7 /* libc++.dylib */ = {isa = PBXFileReference; lastKnownFileType = "compiled.mach-o.dylib"; name = "libc++.dylib"; path = "usr/lib/libc++.dylib"; sourceTree = SDKROOT; };
		39955EA11783382200D225D7 /* libz.dylib */ = {isa = PBXFileReference; lastKnownFileType = "compiled.mach-o.dylib"; name = libz.dylib; path = usr/lib/libz.dylib; sourceTree = SDKROOT; };
		39955EA31783388600D225D7 /* OpenGLES.framework */ = {isa = PBXFileReference; lastKnownFileType = wrapper.framework; name = OpenGLES.framework; path = System/Library/Frameworks/OpenGLES.framework; sourceTree = SDKROOT; };
		39955ED0178733B900D225D7 /* ObserverMapViewController.h */ = {isa = PBXFileReference; fileEncoding = 4; lastKnownFileType = sourcecode.c.h; path = ObserverMapViewController.h; sourceTree = "<group>"; };
		39955ED1178733B900D225D7 /* ObserverMapViewController.m */ = {isa = PBXFileReference; fileEncoding = 4; lastKnownFileType = sourcecode.c.objc; lineEnding = 0; path = ObserverMapViewController.m; sourceTree = "<group>"; xcLanguageSpecificationIdentifier = xcode.lang.objc; };
		399F09411AD828B800E89EE2 /* Distribution Instructions.txt */ = {isa = PBXFileReference; lastKnownFileType = text; path = "Distribution Instructions.txt"; sourceTree = "<group>"; };
		39A836C2185A668D008BF4E3 /* AKRAngleDistance.h */ = {isa = PBXFileReference; fileEncoding = 4; lastKnownFileType = sourcecode.c.h; name = AKRAngleDistance.h; path = Maps/AKRAngleDistance.h; sourceTree = "<group>"; };
		39A836C3185A668D008BF4E3 /* AKRAngleDistance.m */ = {isa = PBXFileReference; fileEncoding = 4; lastKnownFileType = sourcecode.c.objc; name = AKRAngleDistance.m; path = Maps/AKRAngleDistance.m; sourceTree = "<group>"; };
		39A836C9185FDAB8008BF4E3 /* AttributeViewController.h */ = {isa = PBXFileReference; fileEncoding = 4; lastKnownFileType = sourcecode.c.h; path = AttributeViewController.h; sourceTree = "<group>"; };
		39A836CA185FDAB8008BF4E3 /* AttributeViewController.m */ = {isa = PBXFileReference; fileEncoding = 4; lastKnownFileType = sourcecode.c.objc; path = AttributeViewController.m; sourceTree = "<group>"; };
		39A9EF8E196F5BD80059FC0F /* Archiver.h */ = {isa = PBXFileReference; fileEncoding = 4; lastKnownFileType = sourcecode.c.h; name = Archiver.h; path = Model/Archiver.h; sourceTree = "<group>"; };
		39A9EF8F196F5BD80059FC0F /* Archiver.m */ = {isa = PBXFileReference; fileEncoding = 4; lastKnownFileType = sourcecode.c.objc; name = Archiver.m; path = Model/Archiver.m; sourceTree = "<group>"; };
		39A9EF92197066120059FC0F /* NSURL+isEqualToURL.h */ = {isa = PBXFileReference; fileEncoding = 4; lastKnownFileType = sourcecode.c.h; name = "NSURL+isEqualToURL.h"; path = "Categories/NSURL+isEqualToURL.h"; sourceTree = "<group>"; };
		39A9EF93197066120059FC0F /* NSURL+isEqualToURL.m */ = {isa = PBXFileReference; fileEncoding = 4; lastKnownFileType = sourcecode.c.objc; name = "NSURL+isEqualToURL.m"; path = "Categories/NSURL+isEqualToURL.m"; sourceTree = "<group>"; };
		39B92FD117A869B500C62145 /* RadioStyleTableViewCell.h */ = {isa = PBXFileReference; fileEncoding = 4; lastKnownFileType = sourcecode.c.h; path = RadioStyleTableViewCell.h; sourceTree = "<group>"; };
		39B92FD217A869B500C62145 /* RadioStyleTableViewCell.m */ = {isa = PBXFileReference; fileEncoding = 4; lastKnownFileType = sourcecode.c.objc; path = RadioStyleTableViewCell.m; sourceTree = "<group>"; };
		39BA8FC0196F33F800F90A77 /* Survey+ZipExport.h */ = {isa = PBXFileReference; fileEncoding = 4; lastKnownFileType = sourcecode.c.h; name = "Survey+ZipExport.h"; path = "Surveys/Survey+ZipExport.h"; sourceTree = "<group>"; };
		39BA8FC1196F33F800F90A77 /* Survey+ZipExport.m */ = {isa = PBXFileReference; fileEncoding = 4; lastKnownFileType = sourcecode.c.objc; name = "Survey+ZipExport.m"; path = "Surveys/Survey+ZipExport.m"; sourceTree = "<group>"; };
		39BAF29D1CD28C7E0093A5A5 /* Protocol Specification V2.md */ = {isa = PBXFileReference; fileEncoding = 4; lastKnownFileType = net.daringfireball.markdown; path = "Protocol Specification V2.md"; sourceTree = "<group>"; };
		39C3B84918B816020041FF36 /* FeatureSelectorTableViewController.h */ = {isa = PBXFileReference; fileEncoding = 4; lastKnownFileType = sourcecode.c.h; path = FeatureSelectorTableViewController.h; sourceTree = "<group>"; };
		39C3B84A18B816020041FF36 /* FeatureSelectorTableViewController.m */ = {isa = PBXFileReference; fileEncoding = 4; lastKnownFileType = sourcecode.c.objc; path = FeatureSelectorTableViewController.m; sourceTree = "<group>"; };
		39C3B86A18BE8D770041FF36 /* XCTest.framework */ = {isa = PBXFileReference; lastKnownFileType = wrapper.framework; name = XCTest.framework; path = Library/Frameworks/XCTest.framework; sourceTree = DEVELOPER_DIR; };
		39C53E5F187F411B00C0CECE /* AutoPanStateMachine.h */ = {isa = PBXFileReference; fileEncoding = 4; lastKnownFileType = sourcecode.c.h; name = AutoPanStateMachine.h; path = Model/AutoPanStateMachine.h; sourceTree = "<group>"; };
		39C53E60187F411B00C0CECE /* AutoPanStateMachine.m */ = {isa = PBXFileReference; fileEncoding = 4; lastKnownFileType = sourcecode.c.objc; name = AutoPanStateMachine.m; path = Model/AutoPanStateMachine.m; sourceTree = "<group>"; };
		39C53E63187F4B5E00C0CECE /* AutoPanButton.h */ = {isa = PBXFileReference; fileEncoding = 4; lastKnownFileType = sourcecode.c.h; path = AutoPanButton.h; sourceTree = "<group>"; };
		39C53E64187F4B5E00C0CECE /* AutoPanButton.m */ = {isa = PBXFileReference; fileEncoding = 4; lastKnownFileType = sourcecode.c.objc; path = AutoPanButton.m; sourceTree = "<group>"; };
		39C53E681885D98400C0CECE /* SurveyDocumentIcon.png */ = {isa = PBXFileReference; lastKnownFileType = image.png; name = SurveyDocumentIcon.png; path = Images/SurveyDocumentIcon.png; sourceTree = "<group>"; };
		39C53E6D1885D9DF00C0CECE /* ProtocolDocumentIcon.png */ = {isa = PBXFileReference; lastKnownFileType = image.png; name = ProtocolDocumentIcon.png; path = Images/ProtocolDocumentIcon.png; sourceTree = "<group>"; };
		39C53E6F1885DAB000C0CECE /* TilePackageDocumentIcon.png */ = {isa = PBXFileReference; lastKnownFileType = image.png; name = TilePackageDocumentIcon.png; path = Images/TilePackageDocumentIcon.png; sourceTree = "<group>"; };
		39D1D94A17B464B40014C68F /* LocationAngleDistance.h */ = {isa = PBXFileReference; fileEncoding = 4; lastKnownFileType = sourcecode.c.h; name = LocationAngleDistance.h; path = Model/LocationAngleDistance.h; sourceTree = "<group>"; };
		39D1D94B17B464B40014C68F /* LocationAngleDistance.m */ = {isa = PBXFileReference; fileEncoding = 4; lastKnownFileType = sourcecode.c.objc; name = LocationAngleDistance.m; path = Model/LocationAngleDistance.m; sourceTree = "<group>"; };
		39D1D95917BC21D00014C68F /* CoreData.framework */ = {isa = PBXFileReference; lastKnownFileType = wrapper.framework; name = CoreData.framework; path = System/Library/Frameworks/CoreData.framework; sourceTree = SDKROOT; };
		39D9479918BEA79E0069DB31 /* ObserverTests.xctest */ = {isa = PBXFileReference; explicitFileType = wrapper.cfbundle; includeInIndex = 0; path = ObserverTests.xctest; sourceTree = BUILT_PRODUCTS_DIR; };
		39D9479F18BEA79E0069DB31 /* ObserverTests-Info.plist */ = {isa = PBXFileReference; lastKnownFileType = text.plist.xml; path = "ObserverTests-Info.plist"; sourceTree = "<group>"; };
		39D947A118BEA79E0069DB31 /* en */ = {isa = PBXFileReference; lastKnownFileType = text.plist.strings; name = en; path = en.lproj/InfoPlist.strings; sourceTree = "<group>"; };
		39D947A318BEA79E0069DB31 /* ObserverTests.m */ = {isa = PBXFileReference; lastKnownFileType = sourcecode.c.objc; path = ObserverTests.m; sourceTree = "<group>"; };
		39D947A518BEA79E0069DB31 /* ObserverTests-Prefix.pch */ = {isa = PBXFileReference; lastKnownFileType = sourcecode.c.h; path = "ObserverTests-Prefix.pch"; sourceTree = "<group>"; };
		39D947AB18BEA7DF0069DB31 /* AGSPointTests.m */ = {isa = PBXFileReference; fileEncoding = 4; lastKnownFileType = sourcecode.c.objc; path = AGSPointTests.m; sourceTree = "<group>"; };
		39D947AC18BEA7DF0069DB31 /* LocationAngleDistanceTests.m */ = {isa = PBXFileReference; fileEncoding = 4; lastKnownFileType = sourcecode.c.objc; path = LocationAngleDistanceTests.m; sourceTree = "<group>"; };
		39E921AB195B52E60043DB5E /* Protocol Description.md */ = {isa = PBXFileReference; fileEncoding = 4; lastKnownFileType = text; name = "Protocol Description.md"; path = "Protocols/Protocol Description.md"; sourceTree = "<group>"; };
		598083881D0CE41900E4B2E8 /* NSString+csvEscape.h */ = {isa = PBXFileReference; fileEncoding = 4; lastKnownFileType = sourcecode.c.h; name = "NSString+csvEscape.h"; path = "Categories/NSString+csvEscape.h"; sourceTree = "<group>"; };
		598083891D0CE41900E4B2E8 /* NSString+csvEscape.m */ = {isa = PBXFileReference; fileEncoding = 4; lastKnownFileType = sourcecode.c.objc; name = "NSString+csvEscape.m"; path = "Categories/NSString+csvEscape.m"; sourceTree = "<group>"; };
		59954F831D146175006C32B4 /* POGraphic.h */ = {isa = PBXFileReference; fileEncoding = 4; lastKnownFileType = sourcecode.c.h; name = POGraphic.h; path = Model/POGraphic.h; sourceTree = "<group>"; };
		59954F841D146175006C32B4 /* POGraphic.m */ = {isa = PBXFileReference; fileEncoding = 4; lastKnownFileType = sourcecode.c.objc; name = POGraphic.m; path = Model/POGraphic.m; sourceTree = "<group>"; };
		59B962E71EA5B0B50084D018 /* AKRLog.h */ = {isa = PBXFileReference; lastKnownFileType = sourcecode.c.h; name = AKRLog.h; path = Model/AKRLog.h; sourceTree = "<group>"; };
		59B962E81EA5C7340084D018 /* CommonDefines.h */ = {isa = PBXFileReference; lastKnownFileType = sourcecode.c.h; name = CommonDefines.h; path = Model/CommonDefines.h; sourceTree = "<group>"; };
		59C60FE6185ABF9400470791 /* AKRDirectionIndicatorView.h */ = {isa = PBXFileReference; fileEncoding = 4; lastKnownFileType = sourcecode.c.h; path = AKRDirectionIndicatorView.h; sourceTree = "<group>"; };
		59C60FE7185ABF9400470791 /* AKRDirectionIndicatorView.m */ = {isa = PBXFileReference; fileEncoding = 4; lastKnownFileType = sourcecode.c.objc; path = AKRDirectionIndicatorView.m; sourceTree = "<group>"; };
		59C60FED1863FDBF00470791 /* AKRFormatter.h */ = {isa = PBXFileReference; fileEncoding = 4; lastKnownFileType = sourcecode.c.h; path = AKRFormatter.h; sourceTree = "<group>"; };
		59C60FEE1863FDBF00470791 /* AKRFormatter.m */ = {isa = PBXFileReference; fileEncoding = 4; lastKnownFileType = sourcecode.c.objc; path = AKRFormatter.m; sourceTree = "<group>"; };
		59CBF9721E91887300AE13C3 /* ArcGIS.bundle */ = {isa = PBXFileReference; lastKnownFileType = "wrapper.plug-in"; name = ArcGIS.bundle; path = ../../Library/SDKs/ArcGIS/iOS/ArcGIS.framework/Versions/Current/Resources/ArcGIS.bundle; sourceTree = "<group>"; };
/* End PBXFileReference section */

/* Begin PBXFrameworksBuildPhase section */
		39955E44178334BF00D225D7 /* Frameworks */ = {
			isa = PBXFrameworksBuildPhase;
			buildActionMask = 2147483647;
			files = (
				393412C11C0524DD002A1551 /* ArcGIS.framework in Frameworks */,
				3914014119759C450055F2E1 /* libtouchzipkit.a in Frameworks */,
				394CC2381858E05F00FA859C /* libQuickDialog.a in Frameworks */,
				392E8FBD18EF2F030055D312 /* Crashlytics.framework in Frameworks */,
				39D1D95A17BC21D00014C68F /* CoreData.framework in Frameworks */,
				393412C81C052BC7002A1551 /* Fabric.framework in Frameworks */,
				39955EA41783388600D225D7 /* OpenGLES.framework in Frameworks */,
				39955EA21783382200D225D7 /* libz.dylib in Frameworks */,
				39955EA0178337F700D225D7 /* libc++.dylib in Frameworks */,
				39955E9E178337E800D225D7 /* Security.framework in Frameworks */,
				39955E9C178337E000D225D7 /* MobileCoreServices.framework in Frameworks */,
				39955E9A178337D900D225D7 /* MediaPlayer.framework in Frameworks */,
				39955E98178337BF00D225D7 /* QuartzCore.framework in Frameworks */,
				39955E961783379400D225D7 /* CoreText.framework in Frameworks */,
				39955E941783377E00D225D7 /* CoreLocation.framework in Frameworks */,
				39955E4B178334BF00D225D7 /* UIKit.framework in Frameworks */,
				39955E4D178334BF00D225D7 /* Foundation.framework in Frameworks */,
				39955E4F178334BF00D225D7 /* CoreGraphics.framework in Frameworks */,
			);
			runOnlyForDeploymentPostprocessing = 0;
		};
		39D9479618BEA79E0069DB31 /* Frameworks */ = {
			isa = PBXFrameworksBuildPhase;
			buildActionMask = 2147483647;
			files = (
				39D9479A18BEA79E0069DB31 /* XCTest.framework in Frameworks */,
				39D9479C18BEA79E0069DB31 /* UIKit.framework in Frameworks */,
				39D9479B18BEA79E0069DB31 /* Foundation.framework in Frameworks */,
			);
			runOnlyForDeploymentPostprocessing = 0;
		};
/* End PBXFrameworksBuildPhase section */

/* Begin PBXGroup section */
		3914013519759BB70055F2E1 /* Products */ = {
			isa = PBXGroup;
			children = (
				3914013C19759BB70055F2E1 /* ZipKit.framework */,
				3914013E19759BB70055F2E1 /* libzipkit.a */,
				3914014019759BB70055F2E1 /* libtouchzipkit.a */,
			);
			name = Products;
			sourceTree = "<group>";
		};
		3914014C1975C37C0055F2E1 /* Protocols */ = {
			isa = PBXGroup;
			children = (
				398908631857F087007B3F67 /* AKRCollectionChanged.h */,
				398908621857EFF3007B3F67 /* AKRTableViewItem.h */,
			);
			name = Protocols;
			sourceTree = "<group>";
		};
		391D0EE017F4F99700D8C5DF /* Views */ = {
			isa = PBXGroup;
			children = (
				39336F4C18AC25B100620A3A /* AddFeatureBarButtonItem.h */,
				39336F4D18AC25B100620A3A /* AddFeatureBarButtonItem.m */,
				59C60FE6185ABF9400470791 /* AKRDirectionIndicatorView.h */,
				59C60FE7185ABF9400470791 /* AKRDirectionIndicatorView.m */,
				3989086A1857F399007B3F67 /* AKRDownloadView.h */,
				3989086B1857F399007B3F67 /* AKRDownloadView.m */,
				39C53E63187F4B5E00C0CECE /* AutoPanButton.h */,
				39C53E64187F4B5E00C0CECE /* AutoPanButton.m */,
				39B92FD117A869B500C62145 /* RadioStyleTableViewCell.h */,
				39B92FD217A869B500C62145 /* RadioStyleTableViewCell.m */,
			);
			name = Views;
			sourceTree = "<group>";
		};
		391D0EE217F4F9A000D8C5DF /* ViewControllers */ = {
			isa = PBXGroup;
			children = (
				396775C617A1C7B5009ECD34 /* AngleDistanceViewController.h */,
				396775C717A1C7B5009ECD34 /* AngleDistanceViewController.m */,
				39A836C9185FDAB8008BF4E3 /* AttributeViewController.h */,
				39A836CA185FDAB8008BF4E3 /* AttributeViewController.m */,
				39C3B84918B816020041FF36 /* FeatureSelectorTableViewController.h */,
				39C3B84A18B816020041FF36 /* FeatureSelectorTableViewController.m */,
				391C77A8190F270D006E220E /* GpsPointTableViewController.h */,
				391C77A9190F270D006E220E /* GpsPointTableViewController.m */,
				39955ED0178733B900D225D7 /* ObserverMapViewController.h */,
				39955ED1178733B900D225D7 /* ObserverMapViewController.m */,
			);
			name = ViewControllers;
			sourceTree = "<group>";
		};
		394CC2311858DFFA00FA859C /* Products */ = {
			isa = PBXGroup;
			children = (
				394CC23B1858EF0500FA859C /* QuickDialogExample.app */,
				394CC2351858DFFA00FA859C /* libQuickDialog.a */,
			);
			name = Products;
			sourceTree = "<group>";
		};
		398908071857EA05007B3F67 /* Survey Protocol */ = {
			isa = PBXGroup;
			children = (
				3989083F1857ECE4007B3F67 /* SProtocol.h */,
				398908401857ECE4007B3F67 /* SProtocol.m */,
				398908331857EBF5007B3F67 /* ProtocolCollection.h */,
				398908341857EBF6007B3F67 /* ProtocolCollection.m */,
				398908351857EBF6007B3F67 /* ProtocolDetailViewController.h */,
				398908361857EBF6007B3F67 /* ProtocolDetailViewController.m */,
				396E1E941899AD2900B735EF /* ProtocolFeature.h */,
				396E1E951899AD2900B735EF /* ProtocolFeature.m */,
				396E1E971899AD4B00B735EF /* ProtocolFeatureAllowedLocations.h */,
				396E1E981899AD4B00B735EF /* ProtocolFeatureAllowedLocations.m */,
				396E1E9B189ADE8F00B735EF /* ProtocolFeatureSymbology.h */,
				396E1E9C189ADE8F00B735EF /* ProtocolFeatureSymbology.m */,
				39336F4418A1BA2100620A3A /* ProtocolMissionFeature.h */,
				39336F4518A1BA2100620A3A /* ProtocolMissionFeature.m */,
				398908371857EBF6007B3F67 /* ProtocolSelectViewController.h */,
				398908381857EBF6007B3F67 /* ProtocolSelectViewController.m */,
				398908391857EBF6007B3F67 /* ProtocolTableViewCell.h */,
				3989083A1857EBF6007B3F67 /* ProtocolTableViewCell.m */,
				397CF5501D0B7296008D7227 /* ProtocolFeatureLabel.h */,
				397CF5511D0B7296008D7227 /* ProtocolFeatureLabel.m */,
			);
			name = "Survey Protocol";
			sourceTree = "<group>";
		};
		398908081857EAB8007B3F67 /* Maps */ = {
			isa = PBXGroup;
			children = (
				398908181857EB2F007B3F67 /* Map.h */,
				398908191857EB2F007B3F67 /* Map.m */,
				3989081A1857EB2F007B3F67 /* MapCollection.h */,
				3989081B1857EB2F007B3F67 /* MapCollection.m */,
				3989081C1857EB2F007B3F67 /* MapDetailViewController.h */,
				3989081D1857EB2F007B3F67 /* MapDetailViewController.m */,
				3989081E1857EB2F007B3F67 /* MapSelectViewController.h */,
				3989081F1857EB2F007B3F67 /* MapSelectViewController.m */,
				398908201857EB2F007B3F67 /* MapTableViewCell.h */,
				398908211857EB2F007B3F67 /* MapTableViewCell.m */,
			);
			path = Maps;
			sourceTree = "<group>";
		};
		398908421857ECEB007B3F67 /* Surveys */ = {
			isa = PBXGroup;
			children = (
				398908431857ED00007B3F67 /* Survey.h */,
				398908441857ED00007B3F67 /* Survey.m */,
				398908451857ED00007B3F67 /* SurveyCollection.h */,
				398908461857ED00007B3F67 /* SurveyCollection.m */,
				398908471857ED00007B3F67 /* SurveyCoreDataDocument.h */,
				398908481857ED00007B3F67 /* SurveyCoreDataDocument.m */,
				398908641857F192007B3F67 /* SurveyDetailViewController.h */,
				398908651857F192007B3F67 /* SurveyDetailViewController.m */,
				398908491857ED00007B3F67 /* SurveyObjectModel.h */,
				3989084A1857ED00007B3F67 /* SurveyObjectModel.m */,
				3989084B1857ED00007B3F67 /* SurveySelectViewController.h */,
				3989084C1857ED00007B3F67 /* SurveySelectViewController.m */,
				398908661857F192007B3F67 /* SurveyTableViewCell.h */,
				398908671857F192007B3F67 /* SurveyTableViewCell.m */,
				395ACFAA1935325800D04563 /* SurveyUploadTableViewController.h */,
				395ACFAB1935325800D04563 /* SurveyUploadTableViewController.m */,
				394BDD15191D33C4000C8A4B /* Survey+CsvExport.h */,
				394BDD16191D33C4000C8A4B /* Survey+CsvExport.m */,
				39BA8FC0196F33F800F90A77 /* Survey+ZipExport.h */,
				39BA8FC1196F33F800F90A77 /* Survey+ZipExport.m */,
			);
			name = Surveys;
			sourceTree = "<group>";
		};
		398908521857ED27007B3F67 /* Categories */ = {
			isa = PBXGroup;
			children = (
				3982F6C818C00D040081C3F9 /* AGSMapView+AKRAdditions.h */,
				3982F6C918C00D040081C3F9 /* AGSMapView+AKRAdditions.m */,
				398908531857EDE1007B3F67 /* AGSPoint+AKRAdditions.h */,
				398908541857EDE1007B3F67 /* AGSPoint+AKRAdditions.m */,
				398908551857EDE1007B3F67 /* NSArray+map.h */,
				398908561857EDE1007B3F67 /* NSArray+map.m */,
				398908571857EDE1007B3F67 /* NSDate+Formatting.h */,
				398908581857EDE1007B3F67 /* NSDate+Formatting.m */,
				396E1E8E189864AE00B735EF /* NSIndexPath+unsignedAccessors.h */,
				396E1E8F189864AE00B735EF /* NSIndexPath+unsignedAccessors.m */,
				398908591857EDE1007B3F67 /* NSIndexSet+indexPath.h */,
				3989085A1857EDE1007B3F67 /* NSIndexSet+indexPath.m */,
				39A9EF92197066120059FC0F /* NSURL+isEqualToURL.h */,
				39A9EF93197066120059FC0F /* NSURL+isEqualToURL.m */,
				3989085B1857EDE1007B3F67 /* NSURL+unique.h */,
				3989085C1857EDE1007B3F67 /* NSURL+unique.m */,
				598083881D0CE41900E4B2E8 /* NSString+csvEscape.h */,
				598083891D0CE41900E4B2E8 /* NSString+csvEscape.m */,
			);
			name = Categories;
			sourceTree = "<group>";
		};
		39955E3E178334BF00D225D7 = {
			isa = PBXGroup;
			children = (
				59CBF9721E91887300AE13C3 /* ArcGIS.bundle */,
				39955E50178334BF00D225D7 /* Observer */,
				39D9479D18BEA79E0069DB31 /* ObserverTests */,
				39955E49178334BF00D225D7 /* Frameworks */,
				39955E48178334BF00D225D7 /* Products */,
			);
			sourceTree = "<group>";
		};
		39955E48178334BF00D225D7 /* Products */ = {
			isa = PBXGroup;
			children = (
				39955E47178334BF00D225D7 /* Park Observer.app */,
				39D9479918BEA79E0069DB31 /* ObserverTests.xctest */,
			);
			name = Products;
			sourceTree = "<group>";
		};
		39955E49178334BF00D225D7 /* Frameworks */ = {
			isa = PBXGroup;
			children = (
				393412C01C0524DD002A1551 /* ArcGIS.framework */,
				3914013419759BB70055F2E1 /* ZipKit.xcodeproj */,
				392E8FBC18EF2F030055D312 /* Crashlytics.framework */,
				39C3B86A18BE8D770041FF36 /* XCTest.framework */,
				394CC2301858DFFA00FA859C /* QuickDialog.xcodeproj */,
				393412C71C052BC7002A1551 /* Fabric.framework */,
				39D1D95917BC21D00014C68F /* CoreData.framework */,
				39955EA31783388600D225D7 /* OpenGLES.framework */,
				39955EA11783382200D225D7 /* libz.dylib */,
				39955E9F178337F700D225D7 /* libc++.dylib */,
				39955E9D178337E800D225D7 /* Security.framework */,
				39955E9B178337E000D225D7 /* MobileCoreServices.framework */,
				39955E99178337D900D225D7 /* MediaPlayer.framework */,
				39955E97178337BF00D225D7 /* QuartzCore.framework */,
				39955E951783379400D225D7 /* CoreText.framework */,
				39955E931783377E00D225D7 /* CoreLocation.framework */,
				39955E4A178334BF00D225D7 /* UIKit.framework */,
				39955E4C178334BF00D225D7 /* Foundation.framework */,
				39955E4E178334BF00D225D7 /* CoreGraphics.framework */,
			);
			name = Frameworks;
			sourceTree = "<group>";
		};
		39955E50178334BF00D225D7 /* Observer */ = {
			isa = PBXGroup;
			children = (
				39955E59178334C000D225D7 /* ObserverAppDelegate.h */,
				39955E5A178334C000D225D7 /* ObserverAppDelegate.m */,
				39955E65178334C000D225D7 /* MainStoryboard_iPad.storyboard */,
				39955EC6178732B500D225D7 /* Models */,
				398908521857ED27007B3F67 /* Categories */,
				3914014C1975C37C0055F2E1 /* Protocols */,
				398908421857ECEB007B3F67 /* Surveys */,
				398908081857EAB8007B3F67 /* Maps */,
				398908071857EA05007B3F67 /* Survey Protocol */,
				391D0EE217F4F9A000D8C5DF /* ViewControllers */,
				391D0EE017F4F99700D8C5DF /* Views */,
				39955E51178334C000D225D7 /* Supporting Files */,
			);
			path = Observer;
			sourceTree = "<group>";
		};
		39955E51178334C000D225D7 /* Supporting Files */ = {
			isa = PBXGroup;
			children = (
				39BAF29D1CD28C7E0093A5A5 /* Protocol Specification V2.md */,
				399F09411AD828B800E89EE2 /* Distribution Instructions.txt */,
				391401441975A03A0055F2E1 /* LICENSE */,
				3914014A1975AA1D0055F2E1 /* ACKNOWLEDGEMENTS */,
				39955E56178334C000D225D7 /* main.m */,
				396E1E8B18984EFF00B735EF /* Warnings.xcconfig */,
				39955E52178334C000D225D7 /* Observer-Info.plist */,
				39955E53178334C000D225D7 /* InfoPlist.strings */,
				39449F1618ADABCF00A1F8FE /* Localizable.strings */,
				39C53E661885D96100C0CECE /* Images */,
				39890DA21858C99E007B3F67 /* Images.xcassets */,
				398908041857DDFD007B3F67 /* ArcGIS.bundle */,
				393E8AFD17A30012009AD0AC /* Settings.bundle */,
				3929196617BEB6A8008B0FFC /* Todo.rtf */,
				396E1E9A189AD87000B735EF /* Sample Protocol.obsprot */,
				398A97301CCEDB2800143160 /* SampleProtocolV2.obsprot */,
				39336F4A18AC23DC00620A3A /* Protocol Specification V2.rtf */,
				39E921AB195B52E60043DB5E /* Protocol Description.md */,
			);
			name = "Supporting Files";
			sourceTree = "<group>";
		};
		39955EC6178732B500D225D7 /* Models */ = {
			isa = PBXGroup;
			children = (
				394CC2481858F11800FA859C /* AdhocLocation.h */,
				394CC2491858F11800FA859C /* AdhocLocation.m */,
				39A836C2185A668D008BF4E3 /* AKRAngleDistance.h */,
				39A836C3185A668D008BF4E3 /* AKRAngleDistance.m */,
				59C60FED1863FDBF00470791 /* AKRFormatter.h */,
				59C60FEE1863FDBF00470791 /* AKRFormatter.m */,
				394CC24E1858F11800FA859C /* AngleDistanceLocation.h */,
				394CC24F1858F11800FA859C /* AngleDistanceLocation.m */,
				39A9EF8E196F5BD80059FC0F /* Archiver.h */,
				39A9EF8F196F5BD80059FC0F /* Archiver.m */,
				39C53E5F187F411B00C0CECE /* AutoPanStateMachine.h */,
				39C53E60187F411B00C0CECE /* AutoPanStateMachine.m */,
				393E8AFF17A318F5009AD0AC /* Enumerations.h */,
				394BDD11191D2FEC000C8A4B /* GpsPoint+CsvExport.h */,
				394BDD12191D2FEC000C8A4B /* GpsPoint+CsvExport.m */,
				394BDD1E191D6BFE000C8A4B /* GpsPoint+Location.h */,
				394BDD1F191D6BFE000C8A4B /* GpsPoint+Location.m */,
				394CC2451858F11800FA859C /* GpsPoint.h */,
				394CC2461858F11800FA859C /* GpsPoint.m */,
				39D1D94A17B464B40014C68F /* LocationAngleDistance.h */,
				39D1D94B17B464B40014C68F /* LocationAngleDistance.m */,
				394CC23F1858F11700FA859C /* MapReference.h */,
				394CC2401858F11700FA859C /* MapReference.m */,
				394CC24B1858F11800FA859C /* Mission.h */,
				394CC24C1858F11800FA859C /* Mission.m */,
				394BDD1B191D6802000C8A4B /* MissionProperty+Location.h */,
				394BDD1C191D6802000C8A4B /* MissionProperty+Location.m */,
				394CC2421858F11800FA859C /* MissionProperty.h */,
				394CC2431858F11800FA859C /* MissionProperty.m */,
				39946AAE191DA0EA00875D90 /* Observation+CsvExport.h */,
				39946AAF191DA0EA00875D90 /* Observation+CsvExport.m */,
				394BDD18191D4867000C8A4B /* Observation+Location.h */,
				394BDD19191D4867000C8A4B /* Observation+Location.m */,
				394CC2511858F11800FA859C /* Observation.h */,
				394CC2521858F11800FA859C /* Observation.m */,
				394CC23C1858EF5800FA859C /* ObserverModel.xcdatamodeld */,
				393E8AFA17A2E1D8009AD0AC /* Settings.h */,
				393E8AFB17A2E1D8009AD0AC /* Settings.m */,
				39946AB71925473A00875D90 /* TrackLogSegment.h */,
				39946AB81925473A00875D90 /* TrackLogSegment.m */,
				398A97351CCFD11800143160 /* MissionTotalizer.h */,
				398A97361CCFD11800143160 /* MissionTotalizer.m */,
				59954F831D146175006C32B4 /* POGraphic.h */,
				59954F841D146175006C32B4 /* POGraphic.m */,
				59B962E71EA5B0B50084D018 /* AKRLog.h */,
				59B962E81EA5C7340084D018 /* CommonDefines.h */,
			);
			name = Models;
			sourceTree = "<group>";
		};
		39C53E661885D96100C0CECE /* Images */ = {
			isa = PBXGroup;
			children = (
				39C53E6F1885DAB000C0CECE /* TilePackageDocumentIcon.png */,
				39C53E6D1885D9DF00C0CECE /* ProtocolDocumentIcon.png */,
				39C53E681885D98400C0CECE /* SurveyDocumentIcon.png */,
			);
			name = Images;
			sourceTree = "<group>";
		};
		39D9479D18BEA79E0069DB31 /* ObserverTests */ = {
			isa = PBXGroup;
			children = (
				39D947AB18BEA7DF0069DB31 /* AGSPointTests.m */,
				39D947AC18BEA7DF0069DB31 /* LocationAngleDistanceTests.m */,
				39D947A318BEA79E0069DB31 /* ObserverTests.m */,
				39D9479E18BEA79E0069DB31 /* Supporting Files */,
			);
			path = ObserverTests;
			sourceTree = "<group>";
		};
		39D9479E18BEA79E0069DB31 /* Supporting Files */ = {
			isa = PBXGroup;
			children = (
				39D9479F18BEA79E0069DB31 /* ObserverTests-Info.plist */,
				39D947A018BEA79E0069DB31 /* InfoPlist.strings */,
				39D947A518BEA79E0069DB31 /* ObserverTests-Prefix.pch */,
			);
			name = "Supporting Files";
			sourceTree = "<group>";
		};
/* End PBXGroup section */

/* Begin PBXNativeTarget section */
		39955E46178334BF00D225D7 /* Park Observer */ = {
			isa = PBXNativeTarget;
			buildConfigurationList = 39955E8D178334C000D225D7 /* Build configuration list for PBXNativeTarget "Park Observer" */;
			buildPhases = (
				39955E43178334BF00D225D7 /* Sources */,
				39955E44178334BF00D225D7 /* Frameworks */,
				392E8FBE18F354AE0055D312 /* Update Settings Bundle with Version Info */,
				39955E45178334BF00D225D7 /* Resources */,
				392E8FBA18EF2E620055D312 /* Update Crashlytics with new build */,
			);
			buildRules = (
			);
			dependencies = (
				3914014319759C650055F2E1 /* PBXTargetDependency */,
				394CC2371858E05000FA859C /* PBXTargetDependency */,
			);
			name = "Park Observer";
			productName = Observer;
			productReference = 39955E47178334BF00D225D7 /* Park Observer.app */;
			productType = "com.apple.product-type.application";
		};
		39D9479818BEA79E0069DB31 /* ObserverTests */ = {
			isa = PBXNativeTarget;
			buildConfigurationList = 39D947A818BEA79E0069DB31 /* Build configuration list for PBXNativeTarget "ObserverTests" */;
			buildPhases = (
				39D9479518BEA79E0069DB31 /* Sources */,
				39D9479618BEA79E0069DB31 /* Frameworks */,
				39D9479718BEA79E0069DB31 /* Resources */,
			);
			buildRules = (
			);
			dependencies = (
				39D947A718BEA79E0069DB31 /* PBXTargetDependency */,
			);
			name = ObserverTests;
			productName = ObserverTests;
			productReference = 39D9479918BEA79E0069DB31 /* ObserverTests.xctest */;
			productType = "com.apple.product-type.bundle.unit-test";
		};
/* End PBXNativeTarget section */

/* Begin PBXProject section */
		39955E3F178334BF00D225D7 /* Project object */ = {
			isa = PBXProject;
			attributes = {
				CLASSPREFIX = Observer;
				LastSwiftUpdateCheck = 0730;
				LastUpgradeCheck = 0900;
				ORGANIZATIONNAME = "GIS Team";
				TargetAttributes = {
					39955E46178334BF00D225D7 = {
						ProvisioningStyle = Manual;
						SystemCapabilities = {
							com.apple.BackgroundModes = {
								enabled = 0;
							};
						};
					};
					39D9479818BEA79E0069DB31 = {
						TestTargetID = 39955E46178334BF00D225D7;
					};
				};
			};
			buildConfigurationList = 39955E42178334BF00D225D7 /* Build configuration list for PBXProject "Observer" */;
			compatibilityVersion = "Xcode 8.0";
			developmentRegion = English;
			hasScannedForEncodings = 0;
			knownRegions = (
				en,
				Base,
			);
			mainGroup = 39955E3E178334BF00D225D7;
			productRefGroup = 39955E48178334BF00D225D7 /* Products */;
			projectDirPath = "";
			projectReferences = (
				{
					ProductGroup = 394CC2311858DFFA00FA859C /* Products */;
					ProjectRef = 394CC2301858DFFA00FA859C /* QuickDialog.xcodeproj */;
				},
				{
					ProductGroup = 3914013519759BB70055F2E1 /* Products */;
					ProjectRef = 3914013419759BB70055F2E1 /* ZipKit.xcodeproj */;
				},
			);
			projectRoot = "";
			targets = (
				39955E46178334BF00D225D7 /* Park Observer */,
				39D9479818BEA79E0069DB31 /* ObserverTests */,
			);
		};
/* End PBXProject section */

/* Begin PBXReferenceProxy section */
		3914013C19759BB70055F2E1 /* ZipKit.framework */ = {
			isa = PBXReferenceProxy;
			fileType = wrapper.framework;
			path = ZipKit.framework;
			remoteRef = 3914013B19759BB70055F2E1 /* PBXContainerItemProxy */;
			sourceTree = BUILT_PRODUCTS_DIR;
		};
		3914013E19759BB70055F2E1 /* libzipkit.a */ = {
			isa = PBXReferenceProxy;
			fileType = archive.ar;
			path = libzipkit.a;
			remoteRef = 3914013D19759BB70055F2E1 /* PBXContainerItemProxy */;
			sourceTree = BUILT_PRODUCTS_DIR;
		};
		3914014019759BB70055F2E1 /* libtouchzipkit.a */ = {
			isa = PBXReferenceProxy;
			fileType = archive.ar;
			path = libtouchzipkit.a;
			remoteRef = 3914013F19759BB70055F2E1 /* PBXContainerItemProxy */;
			sourceTree = BUILT_PRODUCTS_DIR;
		};
		394CC2351858DFFA00FA859C /* libQuickDialog.a */ = {
			isa = PBXReferenceProxy;
			fileType = archive.ar;
			path = libQuickDialog.a;
			remoteRef = 394CC2341858DFFA00FA859C /* PBXContainerItemProxy */;
			sourceTree = BUILT_PRODUCTS_DIR;
		};
		394CC23B1858EF0500FA859C /* QuickDialogExample.app */ = {
			isa = PBXReferenceProxy;
			fileType = wrapper.application;
			path = QuickDialogExample.app;
			remoteRef = 394CC23A1858EF0500FA859C /* PBXContainerItemProxy */;
			sourceTree = BUILT_PRODUCTS_DIR;
		};
/* End PBXReferenceProxy section */

/* Begin PBXResourcesBuildPhase section */
		39955E45178334BF00D225D7 /* Resources */ = {
			isa = PBXResourcesBuildPhase;
			buildActionMask = 2147483647;
			files = (
				59CBF9731E91887300AE13C3 /* ArcGIS.bundle in Resources */,
				39955E55178334C000D225D7 /* InfoPlist.strings in Resources */,
				39449F1418ADABCF00A1F8FE /* Localizable.strings in Resources */,
				3914014B1975AA1D0055F2E1 /* ACKNOWLEDGEMENTS in Resources */,
				39890DA31858C99E007B3F67 /* Images.xcassets in Resources */,
				39C53E6B1885D98400C0CECE /* SurveyDocumentIcon.png in Resources */,
				39C53E6E1885D9DF00C0CECE /* ProtocolDocumentIcon.png in Resources */,
				391401451975A03A0055F2E1 /* LICENSE in Resources */,
				39955E67178334C000D225D7 /* MainStoryboard_iPad.storyboard in Resources */,
				39C53E701885DAB000C0CECE /* TilePackageDocumentIcon.png in Resources */,
				393E8AFE17A30012009AD0AC /* Settings.bundle in Resources */,
			);
			runOnlyForDeploymentPostprocessing = 0;
		};
		39D9479718BEA79E0069DB31 /* Resources */ = {
			isa = PBXResourcesBuildPhase;
			buildActionMask = 2147483647;
			files = (
				39D947A218BEA79E0069DB31 /* InfoPlist.strings in Resources */,
			);
			runOnlyForDeploymentPostprocessing = 0;
		};
/* End PBXResourcesBuildPhase section */

/* Begin PBXShellScriptBuildPhase section */
		392E8FBA18EF2E620055D312 /* Update Crashlytics with new build */ = {
			isa = PBXShellScriptBuildPhase;
			buildActionMask = 2147483647;
			files = (
			);
			inputPaths = (
			);
			name = "Update Crashlytics with new build";
			outputPaths = (
			);
			runOnlyForDeploymentPostprocessing = 0;
			shellPath = /bin/sh;
			shellScript = "./Crashlytics.framework/run 48e51797d0250122096db58d369feab2cac2da33 2d48ac30a10b38d753d96fd97e0ec905cca09dd7a4929622195851d73f94c37e";
		};
		392E8FBE18F354AE0055D312 /* Update Settings Bundle with Version Info */ = {
			isa = PBXShellScriptBuildPhase;
			buildActionMask = 2147483647;
			files = (
			);
			inputPaths = (
			);
			name = "Update Settings Bundle with Version Info";
			outputPaths = (
			);
			runOnlyForDeploymentPostprocessing = 0;
			shellPath = /bin/sh;
			shellScript = "version=`/usr/libexec/PlistBuddy -c \"Print CFBundleShortVersionString\" \"$INFOPLIST_FILE\"`\nbuild=`/usr/libexec/PlistBuddy -c \"Print CFBundleVersion\" \"$INFOPLIST_FILE\"`\nbuild=$(($build + 1))\n/usr/libexec/PlistBuddy -c \"Set :CFBundleVersion $build\" \"$INFOPLIST_FILE\"\ndisplaytext=\"$version ($build)\"\n/usr/libexec/PlistBuddy \"$SRCROOT/Observer/Settings.bundle/Root.plist\" -c \"set PreferenceSpecifiers:7:DefaultValue $displaytext\"\n";
		};
/* End PBXShellScriptBuildPhase section */

/* Begin PBXSourcesBuildPhase section */
		39955E43178334BF00D225D7 /* Sources */ = {
			isa = PBXSourcesBuildPhase;
			buildActionMask = 2147483647;
			files = (
				39955E57178334C000D225D7 /* main.m in Sources */,
				3989085E1857EDE1007B3F67 /* NSArray+map.m in Sources */,
				394CC24D1858F11800FA859C /* Mission.m in Sources */,
				396E1E991899AD4B00B735EF /* ProtocolFeatureAllowedLocations.m in Sources */,
				394BDD13191D2FEC000C8A4B /* GpsPoint+CsvExport.m in Sources */,
				398908251857EB2F007B3F67 /* MapSelectViewController.m in Sources */,
				39946AB0191DA0EA00875D90 /* Observation+CsvExport.m in Sources */,
				39955E5B178334C000D225D7 /* ObserverAppDelegate.m in Sources */,
				398908231857EB2F007B3F67 /* MapCollection.m in Sources */,
				394CC2471858F11800FA859C /* GpsPoint.m in Sources */,
				3989086C1857F399007B3F67 /* AKRDownloadView.m in Sources */,
				394CC2411858F11700FA859C /* MapReference.m in Sources */,
				39A836C4185A668D008BF4E3 /* AKRAngleDistance.m in Sources */,
				5980838A1D0CE41900E4B2E8 /* NSString+csvEscape.m in Sources */,
				396E1E961899AD2900B735EF /* ProtocolFeature.m in Sources */,
				3989085F1857EDE1007B3F67 /* NSDate+Formatting.m in Sources */,
				39336F4618A1BA2100620A3A /* ProtocolMissionFeature.m in Sources */,
				3989084F1857ED00007B3F67 /* SurveyCoreDataDocument.m in Sources */,
				395ACFAC1935325800D04563 /* SurveyUploadTableViewController.m in Sources */,
				59C60FE8185ABF9400470791 /* AKRDirectionIndicatorView.m in Sources */,
				39336F4E18AC25B100620A3A /* AddFeatureBarButtonItem.m in Sources */,
				3982F6CA18C00D040081C3F9 /* AGSMapView+AKRAdditions.m in Sources */,
				394BDD1D191D6802000C8A4B /* MissionProperty+Location.m in Sources */,
				39946AB91925473A00875D90 /* TrackLogSegment.m in Sources */,
				39955ED2178733B900D225D7 /* ObserverMapViewController.m in Sources */,
				396775C817A1C7B5009ECD34 /* AngleDistanceViewController.m in Sources */,
				398A97371CCFD11800143160 /* MissionTotalizer.m in Sources */,
				398908601857EDE1007B3F67 /* NSIndexSet+indexPath.m in Sources */,
				394CC2501858F11800FA859C /* AngleDistanceLocation.m in Sources */,
				3989084D1857ED00007B3F67 /* Survey.m in Sources */,
				59C60FEF1863FDBF00470791 /* AKRFormatter.m in Sources */,
				398908611857EDE1007B3F67 /* NSURL+unique.m in Sources */,
				394BDD1A191D4867000C8A4B /* Observation+Location.m in Sources */,
				3989083D1857EBF6007B3F67 /* ProtocolSelectViewController.m in Sources */,
				3989083E1857EBF6007B3F67 /* ProtocolTableViewCell.m in Sources */,
				397CF5521D0B7296008D7227 /* ProtocolFeatureLabel.m in Sources */,
				394CC2441858F11800FA859C /* MissionProperty.m in Sources */,
				393E8AFC17A2E1D8009AD0AC /* Settings.m in Sources */,
				394CC24A1858F11800FA859C /* AdhocLocation.m in Sources */,
				398908221857EB2F007B3F67 /* Map.m in Sources */,
				39C53E65187F4B5E00C0CECE /* AutoPanButton.m in Sources */,
				394CC23E1858EF5800FA859C /* ObserverModel.xcdatamodeld in Sources */,
				39B92FD317A869B500C62145 /* RadioStyleTableViewCell.m in Sources */,
				39D1D94C17B464B40014C68F /* LocationAngleDistance.m in Sources */,
				398908681857F192007B3F67 /* SurveyDetailViewController.m in Sources */,
				398908691857F192007B3F67 /* SurveyTableViewCell.m in Sources */,
				391C77AA190F270D006E220E /* GpsPointTableViewController.m in Sources */,
				394BDD17191D33C4000C8A4B /* Survey+CsvExport.m in Sources */,
				398908411857ECE4007B3F67 /* SProtocol.m in Sources */,
				3989083B1857EBF6007B3F67 /* ProtocolCollection.m in Sources */,
				39C53E61187F411B00C0CECE /* AutoPanStateMachine.m in Sources */,
				3989085D1857EDE1007B3F67 /* AGSPoint+AKRAdditions.m in Sources */,
				394CC2531858F11800FA859C /* Observation.m in Sources */,
				396E1E9D189ADE8F00B735EF /* ProtocolFeatureSymbology.m in Sources */,
				39A9EF90196F5BD80059FC0F /* Archiver.m in Sources */,
				39A836CB185FDAB8008BF4E3 /* AttributeViewController.m in Sources */,
				398908511857ED00007B3F67 /* SurveySelectViewController.m in Sources */,
				396E1E90189864AE00B735EF /* NSIndexPath+unsignedAccessors.m in Sources */,
				3989084E1857ED00007B3F67 /* SurveyCollection.m in Sources */,
				59954F851D146175006C32B4 /* POGraphic.m in Sources */,
				39C3B84B18B816020041FF36 /* FeatureSelectorTableViewController.m in Sources */,
				398908241857EB2F007B3F67 /* MapDetailViewController.m in Sources */,
				398908261857EB2F007B3F67 /* MapTableViewCell.m in Sources */,
				3989083C1857EBF6007B3F67 /* ProtocolDetailViewController.m in Sources */,
				39A9EF94197066120059FC0F /* NSURL+isEqualToURL.m in Sources */,
				39BA8FC2196F33F800F90A77 /* Survey+ZipExport.m in Sources */,
				394BDD20191D6BFE000C8A4B /* GpsPoint+Location.m in Sources */,
				398908501857ED00007B3F67 /* SurveyObjectModel.m in Sources */,
			);
			runOnlyForDeploymentPostprocessing = 0;
		};
		39D9479518BEA79E0069DB31 /* Sources */ = {
			isa = PBXSourcesBuildPhase;
			buildActionMask = 2147483647;
			files = (
				39D947AD18BEA7DF0069DB31 /* AGSPointTests.m in Sources */,
				39D947AE18BEA7DF0069DB31 /* LocationAngleDistanceTests.m in Sources */,
				39D947A418BEA79E0069DB31 /* ObserverTests.m in Sources */,
			);
			runOnlyForDeploymentPostprocessing = 0;
		};
/* End PBXSourcesBuildPhase section */

/* Begin PBXTargetDependency section */
		3914014319759C650055F2E1 /* PBXTargetDependency */ = {
			isa = PBXTargetDependency;
			name = touchzipkit;
			targetProxy = 3914014219759C650055F2E1 /* PBXContainerItemProxy */;
		};
		394CC2371858E05000FA859C /* PBXTargetDependency */ = {
			isa = PBXTargetDependency;
			name = QuickDialog;
			targetProxy = 394CC2361858E05000FA859C /* PBXContainerItemProxy */;
		};
		39D947A718BEA79E0069DB31 /* PBXTargetDependency */ = {
			isa = PBXTargetDependency;
			target = 39955E46178334BF00D225D7 /* Park Observer */;
			targetProxy = 39D947A618BEA79E0069DB31 /* PBXContainerItemProxy */;
		};
/* End PBXTargetDependency section */

/* Begin PBXVariantGroup section */
		39449F1618ADABCF00A1F8FE /* Localizable.strings */ = {
			isa = PBXVariantGroup;
			children = (
				39449F1918AE8A1800A1F8FE /* Base */,
			);
			name = Localizable.strings;
			sourceTree = "<group>";
		};
		39955E53178334C000D225D7 /* InfoPlist.strings */ = {
			isa = PBXVariantGroup;
			children = (
				39449F1A18AE8AFB00A1F8FE /* Base */,
			);
			name = InfoPlist.strings;
			sourceTree = "<group>";
		};
		39955E65178334C000D225D7 /* MainStoryboard_iPad.storyboard */ = {
			isa = PBXVariantGroup;
			children = (
				39449F1818ADAC8C00A1F8FE /* Base */,
			);
			name = MainStoryboard_iPad.storyboard;
			sourceTree = "<group>";
		};
		39D947A018BEA79E0069DB31 /* InfoPlist.strings */ = {
			isa = PBXVariantGroup;
			children = (
				39D947A118BEA79E0069DB31 /* en */,
			);
			name = InfoPlist.strings;
			sourceTree = "<group>";
		};
/* End PBXVariantGroup section */

/* Begin XCBuildConfiguration section */
		39955E8B178334C000D225D7 /* Debug */ = {
			isa = XCBuildConfiguration;
			baseConfigurationReference = 396E1E8B18984EFF00B735EF /* Warnings.xcconfig */;
			buildSettings = {
				CLANG_CXX_LANGUAGE_STANDARD = "gnu++0x";
				CLANG_CXX_LIBRARY = "libc++";
				CLANG_ENABLE_MODULES = YES;
				CLANG_ENABLE_OBJC_ARC = YES;
				CLANG_WARN_BLOCK_CAPTURE_AUTORELEASING = YES;
				CLANG_WARN_COMMA = YES;
				CLANG_WARN_RANGE_LOOP_ANALYSIS = YES;
				CLANG_WARN_STRICT_PROTOTYPES = YES;
				"CODE_SIGN_IDENTITY[sdk=iphoneos*]" = "iPhone Distribution";
				COPY_PHASE_STRIP = NO;
				DEBUG_INFORMATION_FORMAT = "dwarf-with-dsym";
				ENABLE_BITCODE = NO;
				ENABLE_TESTABILITY = YES;
				FRAMEWORK_SEARCH_PATHS = "$(HOME)/Library/SDKs/ArcGIS/iOS/**";
				GCC_C_LANGUAGE_STANDARD = gnu99;
				GCC_NO_COMMON_BLOCKS = YES;
				GCC_OPTIMIZATION_LEVEL = 0;
				GCC_PREPROCESSOR_DEFINITIONS = (
					"AKR_DEBUG=1",
					"DEBUG=1",
					"$(inherited)",
				);
				IPHONEOS_DEPLOYMENT_TARGET = 8.0;
				ONLY_ACTIVE_ARCH = YES;
				OTHER_LDFLAGS = (
					"-ObjC",
					"-framework",
					ArcGIS,
					"-l",
					"c++",
				);
				PROVISIONING_PROFILE = "93523017-AC5B-4336-B428-38D2A1475767";
				SDKROOT = iphoneos;
				TARGETED_DEVICE_FAMILY = "1,2";
				USER_HEADER_SEARCH_PATHS = "\"${PROJECT_DIR}/QuickDialog\"/** ./ZipKit/";
			};
			name = Debug;
		};
		39955E8C178334C000D225D7 /* Release */ = {
			isa = XCBuildConfiguration;
			baseConfigurationReference = 396E1E8B18984EFF00B735EF /* Warnings.xcconfig */;
			buildSettings = {
				CLANG_CXX_LANGUAGE_STANDARD = "gnu++0x";
				CLANG_CXX_LIBRARY = "libc++";
				CLANG_ENABLE_MODULES = YES;
				CLANG_ENABLE_OBJC_ARC = YES;
				CLANG_WARN_BLOCK_CAPTURE_AUTORELEASING = YES;
				CLANG_WARN_COMMA = YES;
				CLANG_WARN_RANGE_LOOP_ANALYSIS = YES;
				CLANG_WARN_STRICT_PROTOTYPES = YES;
				"CODE_SIGN_IDENTITY[sdk=iphoneos*]" = "iPhone Distribution";
				COPY_PHASE_STRIP = NO;
				ENABLE_BITCODE = NO;
				ENABLE_NS_ASSERTIONS = NO;
				FRAMEWORK_SEARCH_PATHS = "$(HOME)/Library/SDKs/ArcGIS/iOS/**";
				GCC_C_LANGUAGE_STANDARD = gnu99;
				GCC_NO_COMMON_BLOCKS = YES;
				IPHONEOS_DEPLOYMENT_TARGET = 8.0;
				OTHER_CFLAGS = "";
				OTHER_LDFLAGS = (
					"-ObjC",
					"-framework",
					ArcGIS,
					"-l",
					"c++",
				);
				PROVISIONING_PROFILE = "93523017-AC5B-4336-B428-38D2A1475767";
				SDKROOT = iphoneos;
				TARGETED_DEVICE_FAMILY = "1,2";
				USER_HEADER_SEARCH_PATHS = "\"${PROJECT_DIR}/QuickDialog\"/** ./ZipKit/";
				VALIDATE_PRODUCT = YES;
			};
			name = Release;
		};
		39955E8E178334C000D225D7 /* Debug */ = {
			isa = XCBuildConfiguration;
			buildSettings = {
				ASSETCATALOG_COMPILER_APPICON_NAME = AppIcon;
				ASSETCATALOG_COMPILER_LAUNCHIMAGE_NAME = LaunchImage;
				CLANG_ENABLE_MODULES = YES;
				CODE_SIGN_IDENTITY = "iPhone Developer";
				"CODE_SIGN_IDENTITY[sdk=iphoneos*]" = "iPhone Developer";
				DEVELOPMENT_TEAM = F3CMMML9FD;
				FRAMEWORK_SEARCH_PATHS = (
					"$(inherited)",
					"$(PROJECT_DIR)",
					"$(USER_LIBRARY_DIR)/SDKs/ArcGIS/iOS",
				);
				GCC_SYMBOLS_PRIVATE_EXTERN = NO;
				INFOPLIST_FILE = "Observer/Observer-Info.plist";
				LD_RUNPATH_SEARCH_PATHS = "$(inherited) @executable_path/Frameworks";
				PRODUCT_BUNDLE_IDENTIFIER = "gov.nps.akr.${PRODUCT_NAME:rfc1034identifier}";
				PRODUCT_NAME = "$(TARGET_NAME)";
				PROVISIONING_PROFILE = "d7797107-2550-47ba-8a85-a4e29312a266";
				PROVISIONING_PROFILE_SPECIFIER = "NPS Wildcard Development";
				SWIFT_OBJC_BRIDGING_HEADER = "Observer/Park Observer-Bridging-Header.h";
				SWIFT_OPTIMIZATION_LEVEL = "-Onone";
				TARGETED_DEVICE_FAMILY = 2;
				WRAPPER_EXTENSION = app;
			};
			name = Debug;
		};
		39955E8F178334C000D225D7 /* Release */ = {
			isa = XCBuildConfiguration;
			buildSettings = {
				ASSETCATALOG_COMPILER_APPICON_NAME = AppIcon;
				ASSETCATALOG_COMPILER_LAUNCHIMAGE_NAME = LaunchImage;
				CLANG_ENABLE_MODULES = YES;
				CODE_SIGN_IDENTITY = "iPhone Developer";
				"CODE_SIGN_IDENTITY[sdk=iphoneos*]" = "iPhone Distribution";
				DEVELOPMENT_TEAM = F3CMMML9FD;
				FRAMEWORK_SEARCH_PATHS = (
					"$(inherited)",
					"$(PROJECT_DIR)",
					"$(USER_LIBRARY_DIR)/SDKs/ArcGIS/iOS",
				);
				GCC_SYMBOLS_PRIVATE_EXTERN = NO;
				INFOPLIST_FILE = "Observer/Observer-Info.plist";
				LD_RUNPATH_SEARCH_PATHS = "$(inherited) @executable_path/Frameworks";
				PRODUCT_BUNDLE_IDENTIFIER = "gov.nps.akr.${PRODUCT_NAME:rfc1034identifier}";
				PRODUCT_NAME = "$(TARGET_NAME)";
				PROVISIONING_PROFILE = "a825d88d-45f0-413a-893d-8a9967a53f7a";
				PROVISIONING_PROFILE_SPECIFIER = "NPS Distribution 2019";
				SWIFT_OBJC_BRIDGING_HEADER = "Observer/Park Observer-Bridging-Header.h";
				TARGETED_DEVICE_FAMILY = 2;
				WRAPPER_EXTENSION = app;
			};
			name = Release;
		};
		39D947A918BEA79E0069DB31 /* Debug */ = {
			isa = XCBuildConfiguration;
			buildSettings = {
				ALWAYS_SEARCH_USER_PATHS = NO;
				BUNDLE_LOADER = "$(BUILT_PRODUCTS_DIR)/Park Observer.app/Park Observer";
				CLANG_WARN_BOOL_CONVERSION = YES;
				CLANG_WARN_CONSTANT_CONVERSION = YES;
				CLANG_WARN_DIRECT_OBJC_ISA_USAGE = YES_ERROR;
				CLANG_WARN_EMPTY_BODY = YES;
				CLANG_WARN_ENUM_CONVERSION = YES;
				CLANG_WARN_INT_CONVERSION = YES;
				CLANG_WARN_OBJC_ROOT_CLASS = YES_ERROR;
				CLANG_WARN__DUPLICATE_METHOD_MATCH = YES;
				FRAMEWORK_SEARCH_PATHS = (
					"$(SDKROOT)/Developer/Library/Frameworks",
					"$(inherited)",
					"$(DEVELOPER_FRAMEWORKS_DIR)",
				);
				GCC_DYNAMIC_NO_PIC = NO;
				GCC_PRECOMPILE_PREFIX_HEADER = YES;
				GCC_PREFIX_HEADER = "ObserverTests/ObserverTests-Prefix.pch";
				GCC_PREPROCESSOR_DEFINITIONS = (
					"DEBUG=1",
					"$(inherited)",
				);
				GCC_SYMBOLS_PRIVATE_EXTERN = NO;
				GCC_WARN_64_TO_32_BIT_CONVERSION = YES;
				GCC_WARN_ABOUT_RETURN_TYPE = YES_ERROR;
				GCC_WARN_PEDANTIC = NO;
				GCC_WARN_UNDECLARED_SELECTOR = YES;
				GCC_WARN_UNINITIALIZED_AUTOS = YES;
				GCC_WARN_UNUSED_FUNCTION = YES;
				GCC_WARN_UNUSED_VARIABLE = YES;
				INFOPLIST_FILE = "ObserverTests/ObserverTests-Info.plist";
				OTHER_LDFLAGS = "-ObjC";
				PRODUCT_BUNDLE_IDENTIFIER = "gov.nps.akr.${PRODUCT_NAME:rfc1034identifier}";
				PRODUCT_NAME = "$(TARGET_NAME)";
				TEST_HOST = "$(BUNDLE_LOADER)";
				WRAPPER_EXTENSION = xctest;
			};
			name = Debug;
		};
		39D947AA18BEA79E0069DB31 /* Release */ = {
			isa = XCBuildConfiguration;
			buildSettings = {
				ALWAYS_SEARCH_USER_PATHS = NO;
				BUNDLE_LOADER = "$(BUILT_PRODUCTS_DIR)/Park Observer.app/Park Observer";
				CLANG_WARN_BOOL_CONVERSION = YES;
				CLANG_WARN_CONSTANT_CONVERSION = YES;
				CLANG_WARN_DIRECT_OBJC_ISA_USAGE = YES_ERROR;
				CLANG_WARN_EMPTY_BODY = YES;
				CLANG_WARN_ENUM_CONVERSION = YES;
				CLANG_WARN_INT_CONVERSION = YES;
				CLANG_WARN_OBJC_ROOT_CLASS = YES_ERROR;
				CLANG_WARN__DUPLICATE_METHOD_MATCH = YES;
				ENABLE_NS_ASSERTIONS = NO;
				FRAMEWORK_SEARCH_PATHS = (
					"$(SDKROOT)/Developer/Library/Frameworks",
					"$(inherited)",
					"$(DEVELOPER_FRAMEWORKS_DIR)",
				);
				GCC_PRECOMPILE_PREFIX_HEADER = YES;
				GCC_PREFIX_HEADER = "ObserverTests/ObserverTests-Prefix.pch";
				GCC_WARN_64_TO_32_BIT_CONVERSION = YES;
				GCC_WARN_ABOUT_RETURN_TYPE = YES_ERROR;
				GCC_WARN_PEDANTIC = NO;
				GCC_WARN_UNDECLARED_SELECTOR = YES;
				GCC_WARN_UNINITIALIZED_AUTOS = YES;
				GCC_WARN_UNUSED_FUNCTION = YES;
				GCC_WARN_UNUSED_VARIABLE = YES;
				INFOPLIST_FILE = "ObserverTests/ObserverTests-Info.plist";
				OTHER_LDFLAGS = "-ObjC";
				PRODUCT_BUNDLE_IDENTIFIER = "gov.nps.akr.${PRODUCT_NAME:rfc1034identifier}";
				PRODUCT_NAME = "$(TARGET_NAME)";
				TEST_HOST = "$(BUNDLE_LOADER)";
				WRAPPER_EXTENSION = xctest;
			};
			name = Release;
		};
/* End XCBuildConfiguration section */

/* Begin XCConfigurationList section */
		39955E42178334BF00D225D7 /* Build configuration list for PBXProject "Observer" */ = {
			isa = XCConfigurationList;
			buildConfigurations = (
				39955E8B178334C000D225D7 /* Debug */,
				39955E8C178334C000D225D7 /* Release */,
			);
			defaultConfigurationIsVisible = 0;
			defaultConfigurationName = Release;
		};
		39955E8D178334C000D225D7 /* Build configuration list for PBXNativeTarget "Park Observer" */ = {
			isa = XCConfigurationList;
			buildConfigurations = (
				39955E8E178334C000D225D7 /* Debug */,
				39955E8F178334C000D225D7 /* Release */,
			);
			defaultConfigurationIsVisible = 0;
			defaultConfigurationName = Release;
		};
		39D947A818BEA79E0069DB31 /* Build configuration list for PBXNativeTarget "ObserverTests" */ = {
			isa = XCConfigurationList;
			buildConfigurations = (
				39D947A918BEA79E0069DB31 /* Debug */,
				39D947AA18BEA79E0069DB31 /* Release */,
			);
			defaultConfigurationIsVisible = 0;
			defaultConfigurationName = Release;
		};
/* End XCConfigurationList section */

/* Begin XCVersionGroup section */
		394CC23C1858EF5800FA859C /* ObserverModel.xcdatamodeld */ = {
			isa = XCVersionGroup;
			children = (
				394CC23D1858EF5800FA859C /* ObserverModel.xcdatamodel */,
			);
			currentVersion = 394CC23D1858EF5800FA859C /* ObserverModel.xcdatamodel */;
			name = ObserverModel.xcdatamodeld;
			path = Model/ObserverModel.xcdatamodeld;
			sourceTree = "<group>";
			versionGroupType = wrapper.xcdatamodel;
		};
/* End XCVersionGroup section */
	};
	rootObject = 39955E3F178334BF00D225D7 /* Project object */;
}
