// !$*UTF8*$!
{
	archiveVersion = 1;
	classes = {
	};
	objectVersion = 46;
	objects = {

/* Begin PBXBuildFile section */
		39955E4B178334BF00D225D7 /* UIKit.framework in Frameworks */ = {isa = PBXBuildFile; fileRef = 39955E4A178334BF00D225D7 /* UIKit.framework */; };
		39955E4D178334BF00D225D7 /* Foundation.framework in Frameworks */ = {isa = PBXBuildFile; fileRef = 39955E4C178334BF00D225D7 /* Foundation.framework */; };
		39955E4F178334BF00D225D7 /* CoreGraphics.framework in Frameworks */ = {isa = PBXBuildFile; fileRef = 39955E4E178334BF00D225D7 /* CoreGraphics.framework */; };
		39955E55178334C000D225D7 /* InfoPlist.strings in Resources */ = {isa = PBXBuildFile; fileRef = 39955E53178334C000D225D7 /* InfoPlist.strings */; };
		39955E57178334C000D225D7 /* main.m in Sources */ = {isa = PBXBuildFile; fileRef = 39955E56178334C000D225D7 /* main.m */; };
		39955E5B178334C000D225D7 /* ObserverAppDelegate.m in Sources */ = {isa = PBXBuildFile; fileRef = 39955E5A178334C000D225D7 /* ObserverAppDelegate.m */; };
		39955E5D178334C000D225D7 /* Default.png in Resources */ = {isa = PBXBuildFile; fileRef = 39955E5C178334C000D225D7 /* Default.png */; };
		39955E5F178334C000D225D7 /* Default@2x.png in Resources */ = {isa = PBXBuildFile; fileRef = 39955E5E178334C000D225D7 /* Default@2x.png */; };
		39955E61178334C000D225D7 /* Default-568h@2x.png in Resources */ = {isa = PBXBuildFile; fileRef = 39955E60178334C000D225D7 /* Default-568h@2x.png */; };
		39955E64178334C000D225D7 /* MainStoryboard_iPhone.storyboard in Resources */ = {isa = PBXBuildFile; fileRef = 39955E62178334C000D225D7 /* MainStoryboard_iPhone.storyboard */; };
		39955E67178334C000D225D7 /* MainStoryboard_iPad.storyboard in Resources */ = {isa = PBXBuildFile; fileRef = 39955E65178334C000D225D7 /* MainStoryboard_iPad.storyboard */; };
		39955E6A178334C000D225D7 /* ObserverFirstViewController.m in Sources */ = {isa = PBXBuildFile; fileRef = 39955E69178334C000D225D7 /* ObserverFirstViewController.m */; };
		39955E6C178334C000D225D7 /* first.png in Resources */ = {isa = PBXBuildFile; fileRef = 39955E6B178334C000D225D7 /* first.png */; };
		39955E6E178334C000D225D7 /* first@2x.png in Resources */ = {isa = PBXBuildFile; fileRef = 39955E6D178334C000D225D7 /* first@2x.png */; };
		39955E71178334C000D225D7 /* ObserverSecondViewController.m in Sources */ = {isa = PBXBuildFile; fileRef = 39955E70178334C000D225D7 /* ObserverSecondViewController.m */; };
		39955E73178334C000D225D7 /* second.png in Resources */ = {isa = PBXBuildFile; fileRef = 39955E72178334C000D225D7 /* second.png */; };
		39955E75178334C000D225D7 /* second@2x.png in Resources */ = {isa = PBXBuildFile; fileRef = 39955E74178334C000D225D7 /* second@2x.png */; };
		39955E7D178334C000D225D7 /* SenTestingKit.framework in Frameworks */ = {isa = PBXBuildFile; fileRef = 39955E7C178334C000D225D7 /* SenTestingKit.framework */; };
		39955E7E178334C000D225D7 /* UIKit.framework in Frameworks */ = {isa = PBXBuildFile; fileRef = 39955E4A178334BF00D225D7 /* UIKit.framework */; };
		39955E7F178334C000D225D7 /* Foundation.framework in Frameworks */ = {isa = PBXBuildFile; fileRef = 39955E4C178334BF00D225D7 /* Foundation.framework */; };
		39955E87178334C000D225D7 /* InfoPlist.strings in Resources */ = {isa = PBXBuildFile; fileRef = 39955E85178334C000D225D7 /* InfoPlist.strings */; };
		39955E8A178334C000D225D7 /* ObserverTests.m in Sources */ = {isa = PBXBuildFile; fileRef = 39955E89178334C000D225D7 /* ObserverTests.m */; };
		39955E941783377E00D225D7 /* CoreLocation.framework in Frameworks */ = {isa = PBXBuildFile; fileRef = 39955E931783377E00D225D7 /* CoreLocation.framework */; };
		39955E961783379400D225D7 /* CoreText.framework in Frameworks */ = {isa = PBXBuildFile; fileRef = 39955E951783379400D225D7 /* CoreText.framework */; };
		39955E98178337BF00D225D7 /* QuartzCore.framework in Frameworks */ = {isa = PBXBuildFile; fileRef = 39955E97178337BF00D225D7 /* QuartzCore.framework */; };
		39955E9A178337D900D225D7 /* MediaPlayer.framework in Frameworks */ = {isa = PBXBuildFile; fileRef = 39955E99178337D900D225D7 /* MediaPlayer.framework */; };
		39955E9C178337E000D225D7 /* MobileCoreServices.framework in Frameworks */ = {isa = PBXBuildFile; fileRef = 39955E9B178337E000D225D7 /* MobileCoreServices.framework */; };
		39955E9E178337E800D225D7 /* Security.framework in Frameworks */ = {isa = PBXBuildFile; fileRef = 39955E9D178337E800D225D7 /* Security.framework */; };
		39955EA0178337F700D225D7 /* libc++.dylib in Frameworks */ = {isa = PBXBuildFile; fileRef = 39955E9F178337F700D225D7 /* libc++.dylib */; };
		39955EA21783382200D225D7 /* libz.dylib in Frameworks */ = {isa = PBXBuildFile; fileRef = 39955EA11783382200D225D7 /* libz.dylib */; };
		39955EA41783388600D225D7 /* OpenGLES.framework in Frameworks */ = {isa = PBXBuildFile; fileRef = 39955EA31783388600D225D7 /* OpenGLES.framework */; };
		39955EA617833A7B00D225D7 /* ArcGIS.bundle in Resources */ = {isa = PBXBuildFile; fileRef = 39955EA517833A7B00D225D7 /* ArcGIS.bundle */; };
		39955EA717833A7B00D225D7 /* ArcGIS.bundle in Resources */ = {isa = PBXBuildFile; fileRef = 39955EA517833A7B00D225D7 /* ArcGIS.bundle */; };
		39955EA817833CE900D225D7 /* CoreGraphics.framework in Frameworks */ = {isa = PBXBuildFile; fileRef = 39955E4E178334BF00D225D7 /* CoreGraphics.framework */; };
		39955EA917833CFD00D225D7 /* CoreLocation.framework in Frameworks */ = {isa = PBXBuildFile; fileRef = 39955E931783377E00D225D7 /* CoreLocation.framework */; };
		39955EAA17833D0E00D225D7 /* CoreText.framework in Frameworks */ = {isa = PBXBuildFile; fileRef = 39955E951783379400D225D7 /* CoreText.framework */; };
		39955EAB17833D1800D225D7 /* MediaPlayer.framework in Frameworks */ = {isa = PBXBuildFile; fileRef = 39955E99178337D900D225D7 /* MediaPlayer.framework */; };
		39955EAC17833D1F00D225D7 /* OpenGLES.framework in Frameworks */ = {isa = PBXBuildFile; fileRef = 39955EA31783388600D225D7 /* OpenGLES.framework */; };
		39955EAD17833D2600D225D7 /* QuartzCore.framework in Frameworks */ = {isa = PBXBuildFile; fileRef = 39955E97178337BF00D225D7 /* QuartzCore.framework */; };
		39955EAE17833D2E00D225D7 /* MobileCoreServices.framework in Frameworks */ = {isa = PBXBuildFile; fileRef = 39955E9B178337E000D225D7 /* MobileCoreServices.framework */; };
		39955EAF17833D3500D225D7 /* Security.framework in Frameworks */ = {isa = PBXBuildFile; fileRef = 39955E9D178337E800D225D7 /* Security.framework */; };
		39955EB017833D3F00D225D7 /* libc++.dylib in Frameworks */ = {isa = PBXBuildFile; fileRef = 39955E9F178337F700D225D7 /* libc++.dylib */; };
		39955EB117833D4600D225D7 /* libz.dylib in Frameworks */ = {isa = PBXBuildFile; fileRef = 39955EA11783382200D225D7 /* libz.dylib */; };
		39955EB7178382D600D225D7 /* map.png in Resources */ = {isa = PBXBuildFile; fileRef = 39955EB5178382D600D225D7 /* map.png */; };
		39955EB8178382D600D225D7 /* map@2x.png in Resources */ = {isa = PBXBuildFile; fileRef = 39955EB6178382D600D225D7 /* map@2x.png */; };
		39955EC017838C7E00D225D7 /* settings.png in Resources */ = {isa = PBXBuildFile; fileRef = 39955EBE17838C7E00D225D7 /* settings.png */; };
		39955EC117838C7E00D225D7 /* settings@2x.png in Resources */ = {isa = PBXBuildFile; fileRef = 39955EBF17838C7E00D225D7 /* settings@2x.png */; };
		39955EC41783A16900D225D7 /* form.png in Resources */ = {isa = PBXBuildFile; fileRef = 39955EC21783A16900D225D7 /* form.png */; };
		39955EC51783A16900D225D7 /* form@2x.png in Resources */ = {isa = PBXBuildFile; fileRef = 39955EC31783A16900D225D7 /* form@2x.png */; };
/* End PBXBuildFile section */

/* Begin PBXContainerItemProxy section */
		39955E80178334C000D225D7 /* PBXContainerItemProxy */ = {
			isa = PBXContainerItemProxy;
			containerPortal = 39955E3F178334BF00D225D7 /* Project object */;
			proxyType = 1;
			remoteGlobalIDString = 39955E46178334BF00D225D7;
			remoteInfo = Observer;
		};
/* End PBXContainerItemProxy section */

/* Begin PBXFileReference section */
		39955E47178334BF00D225D7 /* Observer.app */ = {isa = PBXFileReference; explicitFileType = wrapper.application; includeInIndex = 0; path = Observer.app; sourceTree = BUILT_PRODUCTS_DIR; };
		39955E4A178334BF00D225D7 /* UIKit.framework */ = {isa = PBXFileReference; lastKnownFileType = wrapper.framework; name = UIKit.framework; path = System/Library/Frameworks/UIKit.framework; sourceTree = SDKROOT; };
		39955E4C178334BF00D225D7 /* Foundation.framework */ = {isa = PBXFileReference; lastKnownFileType = wrapper.framework; name = Foundation.framework; path = System/Library/Frameworks/Foundation.framework; sourceTree = SDKROOT; };
		39955E4E178334BF00D225D7 /* CoreGraphics.framework */ = {isa = PBXFileReference; lastKnownFileType = wrapper.framework; name = CoreGraphics.framework; path = System/Library/Frameworks/CoreGraphics.framework; sourceTree = SDKROOT; };
		39955E52178334C000D225D7 /* Observer-Info.plist */ = {isa = PBXFileReference; lastKnownFileType = text.plist.xml; path = "Observer-Info.plist"; sourceTree = "<group>"; };
		39955E54178334C000D225D7 /* en */ = {isa = PBXFileReference; lastKnownFileType = text.plist.strings; name = en; path = en.lproj/InfoPlist.strings; sourceTree = "<group>"; };
		39955E56178334C000D225D7 /* main.m */ = {isa = PBXFileReference; lastKnownFileType = sourcecode.c.objc; path = main.m; sourceTree = "<group>"; };
		39955E58178334C000D225D7 /* Observer-Prefix.pch */ = {isa = PBXFileReference; lastKnownFileType = sourcecode.c.h; path = "Observer-Prefix.pch"; sourceTree = "<group>"; };
		39955E59178334C000D225D7 /* ObserverAppDelegate.h */ = {isa = PBXFileReference; lastKnownFileType = sourcecode.c.h; path = ObserverAppDelegate.h; sourceTree = "<group>"; };
		39955E5A178334C000D225D7 /* ObserverAppDelegate.m */ = {isa = PBXFileReference; lastKnownFileType = sourcecode.c.objc; path = ObserverAppDelegate.m; sourceTree = "<group>"; };
		39955E5C178334C000D225D7 /* Default.png */ = {isa = PBXFileReference; lastKnownFileType = image.png; path = Default.png; sourceTree = "<group>"; };
		39955E5E178334C000D225D7 /* Default@2x.png */ = {isa = PBXFileReference; lastKnownFileType = image.png; path = "Default@2x.png"; sourceTree = "<group>"; };
		39955E60178334C000D225D7 /* Default-568h@2x.png */ = {isa = PBXFileReference; lastKnownFileType = image.png; path = "Default-568h@2x.png"; sourceTree = "<group>"; };
		39955E63178334C000D225D7 /* en */ = {isa = PBXFileReference; lastKnownFileType = file.storyboard; name = en; path = en.lproj/MainStoryboard_iPhone.storyboard; sourceTree = "<group>"; };
		39955E66178334C000D225D7 /* en */ = {isa = PBXFileReference; lastKnownFileType = file.storyboard; name = en; path = en.lproj/MainStoryboard_iPad.storyboard; sourceTree = "<group>"; };
		39955E68178334C000D225D7 /* ObserverFirstViewController.h */ = {isa = PBXFileReference; lastKnownFileType = sourcecode.c.h; path = ObserverFirstViewController.h; sourceTree = "<group>"; };
		39955E69178334C000D225D7 /* ObserverFirstViewController.m */ = {isa = PBXFileReference; lastKnownFileType = sourcecode.c.objc; path = ObserverFirstViewController.m; sourceTree = "<group>"; };
		39955E6B178334C000D225D7 /* first.png */ = {isa = PBXFileReference; lastKnownFileType = image.png; path = first.png; sourceTree = "<group>"; };
		39955E6D178334C000D225D7 /* first@2x.png */ = {isa = PBXFileReference; lastKnownFileType = image.png; path = "first@2x.png"; sourceTree = "<group>"; };
		39955E6F178334C000D225D7 /* ObserverSecondViewController.h */ = {isa = PBXFileReference; lastKnownFileType = sourcecode.c.h; path = ObserverSecondViewController.h; sourceTree = "<group>"; };
		39955E70178334C000D225D7 /* ObserverSecondViewController.m */ = {isa = PBXFileReference; lastKnownFileType = sourcecode.c.objc; path = ObserverSecondViewController.m; sourceTree = "<group>"; };
		39955E72178334C000D225D7 /* second.png */ = {isa = PBXFileReference; lastKnownFileType = image.png; path = second.png; sourceTree = "<group>"; };
		39955E74178334C000D225D7 /* second@2x.png */ = {isa = PBXFileReference; lastKnownFileType = image.png; path = "second@2x.png"; sourceTree = "<group>"; };
		39955E7B178334C000D225D7 /* ObserverTests.octest */ = {isa = PBXFileReference; explicitFileType = wrapper.cfbundle; includeInIndex = 0; path = ObserverTests.octest; sourceTree = BUILT_PRODUCTS_DIR; };
		39955E7C178334C000D225D7 /* SenTestingKit.framework */ = {isa = PBXFileReference; lastKnownFileType = wrapper.framework; name = SenTestingKit.framework; path = Library/Frameworks/SenTestingKit.framework; sourceTree = DEVELOPER_DIR; };
		39955E84178334C000D225D7 /* ObserverTests-Info.plist */ = {isa = PBXFileReference; lastKnownFileType = text.plist.xml; path = "ObserverTests-Info.plist"; sourceTree = "<group>"; };
		39955E86178334C000D225D7 /* en */ = {isa = PBXFileReference; lastKnownFileType = text.plist.strings; name = en; path = en.lproj/InfoPlist.strings; sourceTree = "<group>"; };
		39955E88178334C000D225D7 /* ObserverTests.h */ = {isa = PBXFileReference; lastKnownFileType = sourcecode.c.h; path = ObserverTests.h; sourceTree = "<group>"; };
		39955E89178334C000D225D7 /* ObserverTests.m */ = {isa = PBXFileReference; lastKnownFileType = sourcecode.c.objc; path = ObserverTests.m; sourceTree = "<group>"; };
		39955E931783377E00D225D7 /* CoreLocation.framework */ = {isa = PBXFileReference; lastKnownFileType = wrapper.framework; name = CoreLocation.framework; path = System/Library/Frameworks/CoreLocation.framework; sourceTree = SDKROOT; };
		39955E951783379400D225D7 /* CoreText.framework */ = {isa = PBXFileReference; lastKnownFileType = wrapper.framework; name = CoreText.framework; path = System/Library/Frameworks/CoreText.framework; sourceTree = SDKROOT; };
		39955E97178337BF00D225D7 /* QuartzCore.framework */ = {isa = PBXFileReference; lastKnownFileType = wrapper.framework; name = QuartzCore.framework; path = System/Library/Frameworks/QuartzCore.framework; sourceTree = SDKROOT; };
		39955E99178337D900D225D7 /* MediaPlayer.framework */ = {isa = PBXFileReference; lastKnownFileType = wrapper.framework; name = MediaPlayer.framework; path = System/Library/Frameworks/MediaPlayer.framework; sourceTree = SDKROOT; };
		39955E9B178337E000D225D7 /* MobileCoreServices.framework */ = {isa = PBXFileReference; lastKnownFileType = wrapper.framework; name = MobileCoreServices.framework; path = System/Library/Frameworks/MobileCoreServices.framework; sourceTree = SDKROOT; };
		39955E9D178337E800D225D7 /* Security.framework */ = {isa = PBXFileReference; lastKnownFileType = wrapper.framework; name = Security.framework; path = System/Library/Frameworks/Security.framework; sourceTree = SDKROOT; };
		39955E9F178337F700D225D7 /* libc++.dylib */ = {isa = PBXFileReference; lastKnownFileType = "compiled.mach-o.dylib"; name = "libc++.dylib"; path = "usr/lib/libc++.dylib"; sourceTree = SDKROOT; };
		39955EA11783382200D225D7 /* libz.dylib */ = {isa = PBXFileReference; lastKnownFileType = "compiled.mach-o.dylib"; name = libz.dylib; path = usr/lib/libz.dylib; sourceTree = SDKROOT; };
		39955EA31783388600D225D7 /* OpenGLES.framework */ = {isa = PBXFileReference; lastKnownFileType = wrapper.framework; name = OpenGLES.framework; path = System/Library/Frameworks/OpenGLES.framework; sourceTree = SDKROOT; };
		39955EA517833A7B00D225D7 /* ArcGIS.bundle */ = {isa = PBXFileReference; lastKnownFileType = "wrapper.plug-in"; name = ArcGIS.bundle; path = ../../../../../Library/SDKs/ArcGIS/iOS/ArcGIS.framework/Versions/Current/Resources/ArcGIS.bundle; sourceTree = "<group>"; };
		39955EB5178382D600D225D7 /* map.png */ = {isa = PBXFileReference; lastKnownFileType = image.png; path = map.png; sourceTree = "<group>"; };
		39955EB6178382D600D225D7 /* map@2x.png */ = {isa = PBXFileReference; lastKnownFileType = image.png; path = "map@2x.png"; sourceTree = "<group>"; };
		39955EBE17838C7E00D225D7 /* settings.png */ = {isa = PBXFileReference; lastKnownFileType = image.png; path = settings.png; sourceTree = "<group>"; };
		39955EBF17838C7E00D225D7 /* settings@2x.png */ = {isa = PBXFileReference; lastKnownFileType = image.png; path = "settings@2x.png"; sourceTree = "<group>"; };
		39955EC21783A16900D225D7 /* form.png */ = {isa = PBXFileReference; lastKnownFileType = image.png; path = form.png; sourceTree = "<group>"; };
		39955EC31783A16900D225D7 /* form@2x.png */ = {isa = PBXFileReference; lastKnownFileType = image.png; path = "form@2x.png"; sourceTree = "<group>"; };
/* End PBXFileReference section */

/* Begin PBXFrameworksBuildPhase section */
		39955E44178334BF00D225D7 /* Frameworks */ = {
			isa = PBXFrameworksBuildPhase;
			buildActionMask = 2147483647;
			files = (
				39955EA41783388600D225D7 /* OpenGLES.framework in Frameworks */,
				39955EA21783382200D225D7 /* libz.dylib in Frameworks */,
				39955EA0178337F700D225D7 /* libc++.dylib in Frameworks */,
				39955E9E178337E800D225D7 /* Security.framework in Frameworks */,
				39955E9C178337E000D225D7 /* MobileCoreServices.framework in Frameworks */,
				39955E9A178337D900D225D7 /* MediaPlayer.framework in Frameworks */,
				39955E98178337BF00D225D7 /* QuartzCore.framework in Frameworks */,
				39955E961783379400D225D7 /* CoreText.framework in Frameworks */,
				39955E941783377E00D225D7 /* CoreLocation.framework in Frameworks */,
				39955E4B178334BF00D225D7 /* UIKit.framework in Frameworks */,
				39955E4D178334BF00D225D7 /* Foundation.framework in Frameworks */,
				39955E4F178334BF00D225D7 /* CoreGraphics.framework in Frameworks */,
			);
			runOnlyForDeploymentPostprocessing = 0;
		};
		39955E77178334C000D225D7 /* Frameworks */ = {
			isa = PBXFrameworksBuildPhase;
			buildActionMask = 2147483647;
			files = (
				39955EB117833D4600D225D7 /* libz.dylib in Frameworks */,
				39955EB017833D3F00D225D7 /* libc++.dylib in Frameworks */,
				39955EAF17833D3500D225D7 /* Security.framework in Frameworks */,
				39955EAE17833D2E00D225D7 /* MobileCoreServices.framework in Frameworks */,
				39955EAD17833D2600D225D7 /* QuartzCore.framework in Frameworks */,
				39955EAC17833D1F00D225D7 /* OpenGLES.framework in Frameworks */,
				39955EAB17833D1800D225D7 /* MediaPlayer.framework in Frameworks */,
				39955EAA17833D0E00D225D7 /* CoreText.framework in Frameworks */,
				39955EA917833CFD00D225D7 /* CoreLocation.framework in Frameworks */,
				39955EA817833CE900D225D7 /* CoreGraphics.framework in Frameworks */,
				39955E7D178334C000D225D7 /* SenTestingKit.framework in Frameworks */,
				39955E7E178334C000D225D7 /* UIKit.framework in Frameworks */,
				39955E7F178334C000D225D7 /* Foundation.framework in Frameworks */,
			);
			runOnlyForDeploymentPostprocessing = 0;
		};
/* End PBXFrameworksBuildPhase section */

/* Begin PBXGroup section */
		39955E3E178334BF00D225D7 = {
			isa = PBXGroup;
			children = (
				39955E50178334BF00D225D7 /* Observer */,
				39955E82178334C000D225D7 /* ObserverTests */,
				39955E49178334BF00D225D7 /* Frameworks */,
				39955E48178334BF00D225D7 /* Products */,
			);
			sourceTree = "<group>";
		};
		39955E48178334BF00D225D7 /* Products */ = {
			isa = PBXGroup;
			children = (
				39955E47178334BF00D225D7 /* Observer.app */,
				39955E7B178334C000D225D7 /* ObserverTests.octest */,
			);
			name = Products;
			sourceTree = "<group>";
		};
		39955E49178334BF00D225D7 /* Frameworks */ = {
			isa = PBXGroup;
			children = (
				39955EA31783388600D225D7 /* OpenGLES.framework */,
				39955EA11783382200D225D7 /* libz.dylib */,
				39955E9F178337F700D225D7 /* libc++.dylib */,
				39955E9D178337E800D225D7 /* Security.framework */,
				39955E9B178337E000D225D7 /* MobileCoreServices.framework */,
				39955E99178337D900D225D7 /* MediaPlayer.framework */,
				39955E97178337BF00D225D7 /* QuartzCore.framework */,
				39955E951783379400D225D7 /* CoreText.framework */,
				39955E931783377E00D225D7 /* CoreLocation.framework */,
				39955E4A178334BF00D225D7 /* UIKit.framework */,
				39955E4C178334BF00D225D7 /* Foundation.framework */,
				39955E4E178334BF00D225D7 /* CoreGraphics.framework */,
				39955E7C178334C000D225D7 /* SenTestingKit.framework */,
			);
			name = Frameworks;
			sourceTree = "<group>";
		};
		39955E50178334BF00D225D7 /* Observer */ = {
			isa = PBXGroup;
			children = (
				39955E59178334C000D225D7 /* ObserverAppDelegate.h */,
				39955E5A178334C000D225D7 /* ObserverAppDelegate.m */,
				39955E62178334C000D225D7 /* MainStoryboard_iPhone.storyboard */,
				39955E65178334C000D225D7 /* MainStoryboard_iPad.storyboard */,
				39955E68178334C000D225D7 /* ObserverFirstViewController.h */,
				39955E69178334C000D225D7 /* ObserverFirstViewController.m */,
				39955E6F178334C000D225D7 /* ObserverSecondViewController.h */,
				39955E70178334C000D225D7 /* ObserverSecondViewController.m */,
				39955E51178334C000D225D7 /* Supporting Files */,
			);
			path = Observer;
			sourceTree = "<group>";
		};
		39955E51178334C000D225D7 /* Supporting Files */ = {
			isa = PBXGroup;
			children = (
				39955EBD17838C2E00D225D7 /* Images */,
				39955EA517833A7B00D225D7 /* ArcGIS.bundle */,
				39955E52178334C000D225D7 /* Observer-Info.plist */,
				39955E53178334C000D225D7 /* InfoPlist.strings */,
				39955E56178334C000D225D7 /* main.m */,
				39955E58178334C000D225D7 /* Observer-Prefix.pch */,
			);
			name = "Supporting Files";
			sourceTree = "<group>";
		};
		39955E82178334C000D225D7 /* ObserverTests */ = {
			isa = PBXGroup;
			children = (
				39955E88178334C000D225D7 /* ObserverTests.h */,
				39955E89178334C000D225D7 /* ObserverTests.m */,
				39955E83178334C000D225D7 /* Supporting Files */,
			);
			path = ObserverTests;
			sourceTree = "<group>";
		};
		39955E83178334C000D225D7 /* Supporting Files */ = {
			isa = PBXGroup;
			children = (
				39955E84178334C000D225D7 /* ObserverTests-Info.plist */,
				39955E85178334C000D225D7 /* InfoPlist.strings */,
			);
			name = "Supporting Files";
			sourceTree = "<group>";
		};
		39955EBD17838C2E00D225D7 /* Images */ = {
			isa = PBXGroup;
			children = (
				39955EC21783A16900D225D7 /* form.png */,
				39955EC31783A16900D225D7 /* form@2x.png */,
				39955EBE17838C7E00D225D7 /* settings.png */,
				39955EBF17838C7E00D225D7 /* settings@2x.png */,
				39955EB5178382D600D225D7 /* map.png */,
				39955EB6178382D600D225D7 /* map@2x.png */,
				39955E6B178334C000D225D7 /* first.png */,
				39955E6D178334C000D225D7 /* first@2x.png */,
				39955E72178334C000D225D7 /* second.png */,
				39955E74178334C000D225D7 /* second@2x.png */,
				39955E5C178334C000D225D7 /* Default.png */,
				39955E5E178334C000D225D7 /* Default@2x.png */,
				39955E60178334C000D225D7 /* Default-568h@2x.png */,
			);
			path = Images;
			sourceTree = "<group>";
		};
/* End PBXGroup section */

/* Begin PBXNativeTarget section */
		39955E46178334BF00D225D7 /* Observer */ = {
			isa = PBXNativeTarget;
			buildConfigurationList = 39955E8D178334C000D225D7 /* Build configuration list for PBXNativeTarget "Observer" */;
			buildPhases = (
				39955E43178334BF00D225D7 /* Sources */,
				39955E44178334BF00D225D7 /* Frameworks */,
				39955E45178334BF00D225D7 /* Resources */,
			);
			buildRules = (
			);
			dependencies = (
			);
			name = Observer;
			productName = Observer;
			productReference = 39955E47178334BF00D225D7 /* Observer.app */;
			productType = "com.apple.product-type.application";
		};
		39955E7A178334C000D225D7 /* ObserverTests */ = {
			isa = PBXNativeTarget;
			buildConfigurationList = 39955E90178334C000D225D7 /* Build configuration list for PBXNativeTarget "ObserverTests" */;
			buildPhases = (
				39955E76178334C000D225D7 /* Sources */,
				39955E77178334C000D225D7 /* Frameworks */,
				39955E78178334C000D225D7 /* Resources */,
				39955E79178334C000D225D7 /* ShellScript */,
			);
			buildRules = (
			);
			dependencies = (
				39955E81178334C000D225D7 /* PBXTargetDependency */,
			);
			name = ObserverTests;
			productName = ObserverTests;
			productReference = 39955E7B178334C000D225D7 /* ObserverTests.octest */;
			productType = "com.apple.product-type.bundle";
		};
/* End PBXNativeTarget section */

/* Begin PBXProject section */
		39955E3F178334BF00D225D7 /* Project object */ = {
			isa = PBXProject;
			attributes = {
				CLASSPREFIX = Observer;
				LastUpgradeCheck = 0460;
				ORGANIZATIONNAME = "GIS Team";
			};
			buildConfigurationList = 39955E42178334BF00D225D7 /* Build configuration list for PBXProject "Observer" */;
			compatibilityVersion = "Xcode 3.2";
			developmentRegion = English;
			hasScannedForEncodings = 0;
			knownRegions = (
				en,
			);
			mainGroup = 39955E3E178334BF00D225D7;
			productRefGroup = 39955E48178334BF00D225D7 /* Products */;
			projectDirPath = "";
			projectRoot = "";
			targets = (
				39955E46178334BF00D225D7 /* Observer */,
				39955E7A178334C000D225D7 /* ObserverTests */,
			);
		};
/* End PBXProject section */

/* Begin PBXResourcesBuildPhase section */
		39955E45178334BF00D225D7 /* Resources */ = {
			isa = PBXResourcesBuildPhase;
			buildActionMask = 2147483647;
			files = (
				39955E55178334C000D225D7 /* InfoPlist.strings in Resources */,
				39955E5D178334C000D225D7 /* Default.png in Resources */,
				39955E5F178334C000D225D7 /* Default@2x.png in Resources */,
				39955E61178334C000D225D7 /* Default-568h@2x.png in Resources */,
				39955E64178334C000D225D7 /* MainStoryboard_iPhone.storyboard in Resources */,
				39955E67178334C000D225D7 /* MainStoryboard_iPad.storyboard in Resources */,
				39955E6C178334C000D225D7 /* first.png in Resources */,
				39955E6E178334C000D225D7 /* first@2x.png in Resources */,
				39955E73178334C000D225D7 /* second.png in Resources */,
				39955E75178334C000D225D7 /* second@2x.png in Resources */,
				39955EA617833A7B00D225D7 /* ArcGIS.bundle in Resources */,
				39955EB7178382D600D225D7 /* map.png in Resources */,
				39955EB8178382D600D225D7 /* map@2x.png in Resources */,
				39955EC017838C7E00D225D7 /* settings.png in Resources */,
				39955EC117838C7E00D225D7 /* settings@2x.png in Resources */,
				39955EC41783A16900D225D7 /* form.png in Resources */,
				39955EC51783A16900D225D7 /* form@2x.png in Resources */,
			);
			runOnlyForDeploymentPostprocessing = 0;
		};
		39955E78178334C000D225D7 /* Resources */ = {
			isa = PBXResourcesBuildPhase;
			buildActionMask = 2147483647;
			files = (
				39955E87178334C000D225D7 /* InfoPlist.strings in Resources */,
				39955EA717833A7B00D225D7 /* ArcGIS.bundle in Resources */,
			);
			runOnlyForDeploymentPostprocessing = 0;
		};
/* End PBXResourcesBuildPhase section */

/* Begin PBXShellScriptBuildPhase section */
		39955E79178334C000D225D7 /* ShellScript */ = {
			isa = PBXShellScriptBuildPhase;
			buildActionMask = 2147483647;
			files = (
			);
			inputPaths = (
			);
			outputPaths = (
			);
			runOnlyForDeploymentPostprocessing = 0;
			shellPath = /bin/sh;
			shellScript = "# Run the unit tests in this test bundle.\n\"${SYSTEM_DEVELOPER_DIR}/Tools/RunUnitTests\"\n";
		};
/* End PBXShellScriptBuildPhase section */

/* Begin PBXSourcesBuildPhase section */
		39955E43178334BF00D225D7 /* Sources */ = {
			isa = PBXSourcesBuildPhase;
			buildActionMask = 2147483647;
			files = (
				39955E57178334C000D225D7 /* main.m in Sources */,
				39955E5B178334C000D225D7 /* ObserverAppDelegate.m in Sources */,
				39955E6A178334C000D225D7 /* ObserverFirstViewController.m in Sources */,
				39955E71178334C000D225D7 /* ObserverSecondViewController.m in Sources */,
			);
			runOnlyForDeploymentPostprocessing = 0;
		};
		39955E76178334C000D225D7 /* Sources */ = {
			isa = PBXSourcesBuildPhase;
			buildActionMask = 2147483647;
			files = (
				39955E8A178334C000D225D7 /* ObserverTests.m in Sources */,
			);
			runOnlyForDeploymentPostprocessing = 0;
		};
/* End PBXSourcesBuildPhase section */

/* Begin PBXTargetDependency section */
		39955E81178334C000D225D7 /* PBXTargetDependency */ = {
			isa = PBXTargetDependency;
			target = 39955E46178334BF00D225D7 /* Observer */;
			targetProxy = 39955E80178334C000D225D7 /* PBXContainerItemProxy */;
		};
/* End PBXTargetDependency section */

/* Begin PBXVariantGroup section */
		39955E53178334C000D225D7 /* InfoPlist.strings */ = {
			isa = PBXVariantGroup;
			children = (
				39955E54178334C000D225D7 /* en */,
			);
			name = InfoPlist.strings;
			sourceTree = "<group>";
		};
		39955E62178334C000D225D7 /* MainStoryboard_iPhone.storyboard */ = {
			isa = PBXVariantGroup;
			children = (
				39955E63178334C000D225D7 /* en */,
			);
			name = MainStoryboard_iPhone.storyboard;
			sourceTree = "<group>";
		};
		39955E65178334C000D225D7 /* MainStoryboard_iPad.storyboard */ = {
			isa = PBXVariantGroup;
			children = (
				39955E66178334C000D225D7 /* en */,
			);
			name = MainStoryboard_iPad.storyboard;
			sourceTree = "<group>";
		};
		39955E85178334C000D225D7 /* InfoPlist.strings */ = {
			isa = PBXVariantGroup;
			children = (
				39955E86178334C000D225D7 /* en */,
			);
			name = InfoPlist.strings;
			sourceTree = "<group>";
		};
/* End PBXVariantGroup section */

/* Begin XCBuildConfiguration section */
		39955E8B178334C000D225D7 /* Debug */ = {
			isa = XCBuildConfiguration;
			buildSettings = {
				ALWAYS_SEARCH_USER_PATHS = NO;
				CLANG_CXX_LANGUAGE_STANDARD = "gnu++0x";
				CLANG_CXX_LIBRARY = "libc++";
				CLANG_ENABLE_OBJC_ARC = YES;
				CLANG_WARN_CONSTANT_CONVERSION = YES;
				CLANG_WARN_EMPTY_BODY = YES;
				CLANG_WARN_ENUM_CONVERSION = YES;
				CLANG_WARN_INT_CONVERSION = YES;
				CLANG_WARN__DUPLICATE_METHOD_MATCH = YES;
				"CODE_SIGN_IDENTITY[sdk=iphoneos*]" = "iPhone Developer";
				COPY_PHASE_STRIP = NO;
				FRAMEWORK_SEARCH_PATHS = "$(HOME)/Library/SDKs/ArcGIS/iOS/**";
				GCC_C_LANGUAGE_STANDARD = gnu99;
				GCC_DYNAMIC_NO_PIC = NO;
				GCC_OPTIMIZATION_LEVEL = 0;
				GCC_PRECOMPILE_PREFIX_HEADER = YES;
				GCC_PREFIX_HEADER = "Observer/Observer-Prefix.pch";
				GCC_PREPROCESSOR_DEFINITIONS = (
					"DEBUG=1",
					"$(inherited)",
				);
				GCC_SYMBOLS_PRIVATE_EXTERN = NO;
				GCC_WARN_ABOUT_RETURN_TYPE = YES;
				GCC_WARN_UNINITIALIZED_AUTOS = YES;
				GCC_WARN_UNUSED_VARIABLE = YES;
				IPHONEOS_DEPLOYMENT_TARGET = 6.1;
				ONLY_ACTIVE_ARCH = YES;
				OTHER_LDFLAGS = (
					"-all_load",
					"-ObjC",
					"-framework",
					ArcGIS,
				);
				SDKROOT = iphoneos;
				TARGETED_DEVICE_FAMILY = "1,2";
				VALID_ARCHS = armv7;
			};
			name = Debug;
		};
		39955E8C178334C000D225D7 /* Release */ = {
			isa = XCBuildConfiguration;
			buildSettings = {
				ALWAYS_SEARCH_USER_PATHS = NO;
				CLANG_CXX_LANGUAGE_STANDARD = "gnu++0x";
				CLANG_CXX_LIBRARY = "libc++";
				CLANG_ENABLE_OBJC_ARC = YES;
				CLANG_WARN_CONSTANT_CONVERSION = YES;
				CLANG_WARN_EMPTY_BODY = YES;
				CLANG_WARN_ENUM_CONVERSION = YES;
				CLANG_WARN_INT_CONVERSION = YES;
				CLANG_WARN__DUPLICATE_METHOD_MATCH = YES;
				"CODE_SIGN_IDENTITY[sdk=iphoneos*]" = "iPhone Developer";
				COPY_PHASE_STRIP = YES;
				FRAMEWORK_SEARCH_PATHS = "$(HOME)/Library/SDKs/ArcGIS/iOS/**";
				GCC_C_LANGUAGE_STANDARD = gnu99;
				GCC_PRECOMPILE_PREFIX_HEADER = YES;
				GCC_PREFIX_HEADER = "Observer/Observer-Prefix.pch";
				GCC_WARN_ABOUT_RETURN_TYPE = YES;
				GCC_WARN_UNINITIALIZED_AUTOS = YES;
				GCC_WARN_UNUSED_VARIABLE = YES;
				IPHONEOS_DEPLOYMENT_TARGET = 6.1;
				OTHER_CFLAGS = "-DNS_BLOCK_ASSERTIONS=1";
				OTHER_LDFLAGS = (
					"-all_load",
					"-ObjC",
					"-framework",
					ArcGIS,
				);
				SDKROOT = iphoneos;
				TARGETED_DEVICE_FAMILY = "1,2";
				VALIDATE_PRODUCT = YES;
				VALID_ARCHS = armv7;
			};
			name = Release;
		};
		39955E8E178334C000D225D7 /* Debug */ = {
			isa = XCBuildConfiguration;
			buildSettings = {
				INFOPLIST_FILE = "Observer/Observer-Info.plist";
				PRODUCT_NAME = "$(TARGET_NAME)";
				WRAPPER_EXTENSION = app;
			};
			name = Debug;
		};
		39955E8F178334C000D225D7 /* Release */ = {
			isa = XCBuildConfiguration;
			buildSettings = {
				INFOPLIST_FILE = "Observer/Observer-Info.plist";
				PRODUCT_NAME = "$(TARGET_NAME)";
				WRAPPER_EXTENSION = app;
			};
			name = Release;
		};
		39955E91178334C000D225D7 /* Debug */ = {
			isa = XCBuildConfiguration;
			buildSettings = {
				BUNDLE_LOADER = "$(BUILT_PRODUCTS_DIR)/Observer.app/Observer";
				FRAMEWORK_SEARCH_PATHS = (
					"$(HOME)/Library/SDKs/ArcGIS/iOS/**",
					"\"$(SDKROOT)/Developer/Library/Frameworks\"",
					"\"$(DEVELOPER_LIBRARY_DIR)/Frameworks\"",
				);
				INFOPLIST_FILE = "ObserverTests/ObserverTests-Info.plist";
				PRODUCT_NAME = "$(TARGET_NAME)";
				TEST_HOST = "$(BUNDLE_LOADER)";
				WRAPPER_EXTENSION = octest;
			};
			name = Debug;
		};
		39955E92178334C000D225D7 /* Release */ = {
			isa = XCBuildConfiguration;
			buildSettings = {
				BUNDLE_LOADER = "$(BUILT_PRODUCTS_DIR)/Observer.app/Observer";
				FRAMEWORK_SEARCH_PATHS = (
					"$(HOME)/Library/SDKs/ArcGIS/iOS/**",
					"\"$(SDKROOT)/Developer/Library/Frameworks\"",
					"\"$(DEVELOPER_LIBRARY_DIR)/Frameworks\"",
				);
				INFOPLIST_FILE = "ObserverTests/ObserverTests-Info.plist";
				PRODUCT_NAME = "$(TARGET_NAME)";
				TEST_HOST = "$(BUNDLE_LOADER)";
				WRAPPER_EXTENSION = octest;
			};
			name = Release;
		};
/* End XCBuildConfiguration section */

/* Begin XCConfigurationList section */
		39955E42178334BF00D225D7 /* Build configuration list for PBXProject "Observer" */ = {
			isa = XCConfigurationList;
			buildConfigurations = (
				39955E8B178334C000D225D7 /* Debug */,
				39955E8C178334C000D225D7 /* Release */,
			);
			defaultConfigurationIsVisible = 0;
			defaultConfigurationName = Release;
		};
		39955E8D178334C000D225D7 /* Build configuration list for PBXNativeTarget "Observer" */ = {
			isa = XCConfigurationList;
			buildConfigurations = (
				39955E8E178334C000D225D7 /* Debug */,
				39955E8F178334C000D225D7 /* Release */,
			);
			defaultConfigurationIsVisible = 0;
			defaultConfigurationName = Release;
		};
		39955E90178334C000D225D7 /* Build configuration list for PBXNativeTarget "ObserverTests" */ = {
			isa = XCConfigurationList;
			buildConfigurations = (
				39955E91178334C000D225D7 /* Debug */,
				39955E92178334C000D225D7 /* Release */,
			);
			defaultConfigurationIsVisible = 0;
			defaultConfigurationName = Release;
		};
/* End XCConfigurationList section */
	};
	rootObject = 39955E3F178334BF00D225D7 /* Project object */;
}
